
Microsoft Visual Studio Solution File, Format Version 12.00
# Visual Studio 15
VisualStudioVersion = 15.0.28307.1145
MinimumVisualStudioVersion = 10.0.40219.1
Project("{FAE04EC0-301F-11D3-BF4B-00C04F79EFBC}") = "WpfCommandTest2", "WpfCommandTest2\WpfCommandTest2.csproj", "{848DA995-7EC6-4D8C-BF79-18B1C0E9317A}"
EndProject
Project("{FAE04EC0-301F-11D3-BF4B-00C04F79EFBC}") = "WpfCommandTest1", "WpfCommandTest1\WpfCommandTest1.csproj", "{9ABDCCB2-0731-4C40-AEBD-4C44FE4B383E}"
EndProject
Project("{FAE04EC0-301F-11D3-BF4B-00C04F79EFBC}") = "WpfRouteEventTest1", "WpfRouteEventTest1\WpfRouteEventTest1.csproj", "{254ADAF9-FCAD-4C04-B73A-62E9F31BF2FE}"
EndProject
Project("{FAE04EC0-301F-11D3-BF4B-00C04F79EFBC}") = "WpfEvent", "WpfEvent\WpfEvent.csproj", "{9268660F-1C59-4439-AA2D-2515F5DCCFA7}"
EndProject
Project("{FAE04EC0-301F-11D3-BF4B-00C04F79EFBC}") = "WpfBinding", "WpfBinding\WpfBinding.csproj", "{321A9F76-A90B-4B3D-8428-4493C001DE7D}"
EndProject
Project("{FAE04EC0-301F-11D3-BF4B-00C04F79EFBC}") = "WpfMVVMLight", "WpfMVVMLight\WpfMVVMLight.csproj", "{B10F4105-353D-400D-BBBE-2BA6E950E9ED}"
EndProject
Project("{FAE04EC0-301F-11D3-BF4B-00C04F79EFBC}") = "WpfCommandTest3", "WpfCommandTest3\WpfCommandTest3.csproj", "{9F483575-AFD9-4117-97C8-EC0D0D985515}"
EndProject
Project("{FAE04EC0-301F-11D3-BF4B-00C04F79EFBC}") = "WpfCommandTest4", "WpfCommandTest4\WpfCommandTest4.csproj", "{C4B442E3-5177-4E8C-8773-6EF1E6CB4040}"
EndProject
Project("{FAE04EC0-301F-11D3-BF4B-00C04F79EFBC}") = "WpfDataTypeConvert", "WpfDataTypeConvert\WpfDataTypeConvert.csproj", "{3768F4BF-70BC-4546-977D-AE9C2836AC5C}"
EndProject
Project("{FAE04EC0-301F-11D3-BF4B-00C04F79EFBC}") = "WpfRegex", "WpfRegex\WpfRegex.csproj", "{5AE6226E-6E30-45D2-B725-2A9532E6F2B1}"
EndProject
Project("{FAE04EC0-301F-11D3-BF4B-00C04F79EFBC}") = "WpfDataProcess", "WpfDataProcess\WpfDataProcess.csproj", "{F9DDE729-A287-4839-85C1-C91BC7F0DC10}"
EndProject
Project("{FAE04EC0-301F-11D3-BF4B-00C04F79EFBC}") = "WpfTextBlockBinding", "WpfTextBlockBinding\WpfTextBlockBinding.csproj", "{9AAA22ED-F264-4DCB-9BD0-01EBCF893134}"
EndProject
Project("{FAE04EC0-301F-11D3-BF4B-00C04F79EFBC}") = "WpfTextBlockBinding1", "WpfTextBlockBinding1\WpfTextBlockBinding1.csproj", "{2FF5D25E-F937-49E6-A277-E89E3273FCCC}"
EndProject
Project("{FAE04EC0-301F-11D3-BF4B-00C04F79EFBC}") = "WpfByteTypeTest", "WpfByteTypeTest\WpfByteTypeTest.csproj", "{84FDB3DD-D5D0-4549-8800-32A7E6ECE297}"
EndProject
Project("{FAE04EC0-301F-11D3-BF4B-00C04F79EFBC}") = "WpfBoolToStringConvert", "WpfBoolToStringConvert\WpfBoolToStringConvert.csproj", "{E7EB13C3-0461-46FF-8662-3E7FD87A45FF}"
EndProject
Project("{FAE04EC0-301F-11D3-BF4B-00C04F79EFBC}") = "String.ToCharArray Method", "String.ToCharArray Method\String.ToCharArray Method.csproj", "{183FF18A-A7AA-4EEC-AE5D-DB40C995B679}"
EndProject
Project("{FAE04EC0-301F-11D3-BF4B-00C04F79EFBC}") = "WpfStringToHexAndBCD", "WpfStringToHexAndBCD\WpfStringToHexAndBCD.csproj", "{882154F7-123D-4298-8674-C8765B54CD6F}"
EndProject
Project("{FAE04EC0-301F-11D3-BF4B-00C04F79EFBC}") = "WpfThread", "WpfThread\WpfThread.csproj", "{CFF04BCE-6478-4D45-B18C-92CACDFEF67A}"
EndProject
Project("{FAE04EC0-301F-11D3-BF4B-00C04F79EFBC}") = "WpfDelegateTest", "WpfDelegateTest\WpfDelegateTest.csproj", "{6ECB8214-4FC4-42D0-8BF4-287A6281A265}"
EndProject
Project("{FAE04EC0-301F-11D3-BF4B-00C04F79EFBC}") = "ThreadTest1App", "ThreadTest1App\ThreadTest1App.csproj", "{C16F049B-A571-4A97-B882-97419ADCDFB4}"
EndProject
Project("{FAE04EC0-301F-11D3-BF4B-00C04F79EFBC}") = "ThreaaTestApp2", "ThreaaTestApp2\ThreaaTestApp2.csproj", "{70371850-BDF7-46EE-9E3A-8B511F2ED3B9}"
EndProject
Project("{FAE04EC0-301F-11D3-BF4B-00C04F79EFBC}") = "WpfStringFormatTest", "WpfStringFormatTest\WpfStringFormatTest.csproj", "{24C900A5-A6B9-437B-A72A-A746D2109FE3}"
EndProject
Project("{FAE04EC0-301F-11D3-BF4B-00C04F79EFBC}") = "WpfDispatcher", "WpfDispatcher\WpfDispatcher.csproj", "{086E1633-6A1F-434B-AD39-59FEC1B7D0C7}"
EndProject
Project("{FAE04EC0-301F-11D3-BF4B-00C04F79EFBC}") = "WpfListAddFuction", "WpfListAddFuction\WpfListAddFuction.csproj", "{E66CC07D-6431-4F19-8CB5-3390A08704A6}"
EndProject
Project("{FAE04EC0-301F-11D3-BF4B-00C04F79EFBC}") = "ConsoleThreadStop", "ConsoleThreadStop\ConsoleThreadStop.csproj", "{ED3C6998-3B7B-4F06-BC0F-F7922C31FFFB}"
EndProject
Project("{FAE04EC0-301F-11D3-BF4B-00C04F79EFBC}") = "SqlSugar", "SqlSugar\SqlSugar.csproj", "{8EF8DC5A-6797-4E99-AE54-A59AEFEE6DF1}"
EndProject
Project("{FAE04EC0-301F-11D3-BF4B-00C04F79EFBC}") = "EFtest1", "EFtest1\EFtest1.csproj", "{E2B19052-C76D-4B0A-B161-6602D714C7BC}"
EndProject
Project("{FAE04EC0-301F-11D3-BF4B-00C04F79EFBC}") = "WpfObservableCollectionTest1", "WpfObservableCollectionTest1\WpfObservableCollectionTest1.csproj", "{F456F8F6-82C9-40DC-A235-26AFB3DA3E71}"
EndProject
Project("{FAE04EC0-301F-11D3-BF4B-00C04F79EFBC}") = "ConGenericTest1", "ConGenericTest1\ConGenericTest1.csproj", "{7C541937-2B1B-47E9-A397-65489B9E670C}"
EndProject
Project("{FAE04EC0-301F-11D3-BF4B-00C04F79EFBC}") = "ConDateTimeFormatTest1", "ConDateTimeFormatTest1\ConDateTimeFormatTest1.csproj", "{2E4D5900-49A7-4809-B410-968EADD89FB7}"
EndProject
Project("{FAE04EC0-301F-11D3-BF4B-00C04F79EFBC}") = "ConTaskTest1", "ConTaskTest1\ConTaskTest1.csproj", "{F1821C06-EB64-4B85-BB27-793CC7ED3527}"
EndProject
Project("{FAE04EC0-301F-11D3-BF4B-00C04F79EFBC}") = "ConTaskTest2", "ConTaskTest2\ConTaskTest2.csproj", "{2926E63D-EF84-424C-B800-E2D130D5E2F0}"
EndProject
Project("{FAE04EC0-301F-11D3-BF4B-00C04F79EFBC}") = "ConRefAndOuttest1", "ConRefAndOuttest1\ConRefAndOuttest1.csproj", "{E61EA72C-C18C-4EAF-9CB5-BEA1752E4EB0}"
EndProject
Project("{9A19103F-16F7-4668-BE54-9A1E7A4F7556}") = "ConTypeTest1", "ConTypeTest1\ConTypeTest1.csproj", "{C7029588-EB97-432D-BEA9-96C41975DB04}"
EndProject
Project("{FAE04EC0-301F-11D3-BF4B-00C04F79EFBC}") = "ConMySQLTest", "ConMySQLTest\ConMySQLTest.csproj", "{5A8DD8CA-1E0A-4056-8290-F25F0CC7F3FC}"
EndProject
Project("{FAE04EC0-301F-11D3-BF4B-00C04F79EFBC}") = "WpfMySQLTest", "WpfMySQLTest\WpfMySQLTest.csproj", "{84530704-D329-4C75-B6A7-794B0DC3BD64}"
EndProject
Project("{2150E333-8FDC-42A3-9474-1A3956D46DE8}") = "Console", "Console", "{8D3DEF67-7982-4046-B3E1-DC888CC74FCF}"
EndProject
Project("{2150E333-8FDC-42A3-9474-1A3956D46DE8}") = "WPF", "WPF", "{C84CD256-3F46-47EB-A5E0-7482062E3705}"
EndProject
Project("{FAE04EC0-301F-11D3-BF4B-00C04F79EFBC}") = "ConVirtualTest", "ConVirtualTest\ConVirtualTest.csproj", "{797A986A-9E10-4C84-B956-71FE44BE6E5B}"
EndProject
Project("{FAE04EC0-301F-11D3-BF4B-00C04F79EFBC}") = "ConAbstractTest", "ConAbstractTest\ConAbstractTest.csproj", "{2F372E03-81E2-4A1C-B713-4414C208428C}"
EndProject
Project("{9A19103F-16F7-4668-BE54-9A1E7A4F7556}") = "ConLog4Net", "ConLog4Net\ConLog4Net.csproj", "{8104B375-3ABB-4A7A-B658-2FBD2E693402}"
EndProject
Project("{FAE04EC0-301F-11D3-BF4B-00C04F79EFBC}") = "ConConfigurationManagerTest", "ConConfigurationManagerTest\ConConfigurationManagerTest.csproj", "{C44EDB8F-7A06-4D2A-90FC-D8C2B5D36387}"
EndProject
Project("{FAE04EC0-301F-11D3-BF4B-00C04F79EFBC}") = "ConListTest", "ConListTest\ConListTest.csproj", "{125F8E44-071A-494D-97B4-4E6E9603171B}"
EndProject
Global
	GlobalSection(SolutionConfigurationPlatforms) = preSolution
		Debug|Any CPU = Debug|Any CPU
		Release|Any CPU = Release|Any CPU
	EndGlobalSection
	GlobalSection(ProjectConfigurationPlatforms) = postSolution
		{848DA995-7EC6-4D8C-BF79-18B1C0E9317A}.Debug|Any CPU.ActiveCfg = Debug|Any CPU
		{848DA995-7EC6-4D8C-BF79-18B1C0E9317A}.Debug|Any CPU.Build.0 = Debug|Any CPU
		{848DA995-7EC6-4D8C-BF79-18B1C0E9317A}.Release|Any CPU.ActiveCfg = Release|Any CPU
		{848DA995-7EC6-4D8C-BF79-18B1C0E9317A}.Release|Any CPU.Build.0 = Release|Any CPU
		{9ABDCCB2-0731-4C40-AEBD-4C44FE4B383E}.Debug|Any CPU.ActiveCfg = Debug|Any CPU
		{9ABDCCB2-0731-4C40-AEBD-4C44FE4B383E}.Debug|Any CPU.Build.0 = Debug|Any CPU
		{9ABDCCB2-0731-4C40-AEBD-4C44FE4B383E}.Release|Any CPU.ActiveCfg = Release|Any CPU
		{9ABDCCB2-0731-4C40-AEBD-4C44FE4B383E}.Release|Any CPU.Build.0 = Release|Any CPU
		{254ADAF9-FCAD-4C04-B73A-62E9F31BF2FE}.Debug|Any CPU.ActiveCfg = Debug|Any CPU
		{254ADAF9-FCAD-4C04-B73A-62E9F31BF2FE}.Debug|Any CPU.Build.0 = Debug|Any CPU
		{254ADAF9-FCAD-4C04-B73A-62E9F31BF2FE}.Release|Any CPU.ActiveCfg = Release|Any CPU
		{254ADAF9-FCAD-4C04-B73A-62E9F31BF2FE}.Release|Any CPU.Build.0 = Release|Any CPU
		{9268660F-1C59-4439-AA2D-2515F5DCCFA7}.Debug|Any CPU.ActiveCfg = Debug|Any CPU
		{9268660F-1C59-4439-AA2D-2515F5DCCFA7}.Debug|Any CPU.Build.0 = Debug|Any CPU
		{9268660F-1C59-4439-AA2D-2515F5DCCFA7}.Release|Any CPU.ActiveCfg = Release|Any CPU
		{9268660F-1C59-4439-AA2D-2515F5DCCFA7}.Release|Any CPU.Build.0 = Release|Any CPU
		{321A9F76-A90B-4B3D-8428-4493C001DE7D}.Debug|Any CPU.ActiveCfg = Debug|Any CPU
		{321A9F76-A90B-4B3D-8428-4493C001DE7D}.Debug|Any CPU.Build.0 = Debug|Any CPU
		{321A9F76-A90B-4B3D-8428-4493C001DE7D}.Release|Any CPU.ActiveCfg = Release|Any CPU
		{321A9F76-A90B-4B3D-8428-4493C001DE7D}.Release|Any CPU.Build.0 = Release|Any CPU
		{B10F4105-353D-400D-BBBE-2BA6E950E9ED}.Debug|Any CPU.ActiveCfg = Debug|Any CPU
		{B10F4105-353D-400D-BBBE-2BA6E950E9ED}.Debug|Any CPU.Build.0 = Debug|Any CPU
		{B10F4105-353D-400D-BBBE-2BA6E950E9ED}.Release|Any CPU.ActiveCfg = Release|Any CPU
		{B10F4105-353D-400D-BBBE-2BA6E950E9ED}.Release|Any CPU.Build.0 = Release|Any CPU
		{9F483575-AFD9-4117-97C8-EC0D0D985515}.Debug|Any CPU.ActiveCfg = Debug|Any CPU
		{9F483575-AFD9-4117-97C8-EC0D0D985515}.Debug|Any CPU.Build.0 = Debug|Any CPU
		{9F483575-AFD9-4117-97C8-EC0D0D985515}.Release|Any CPU.ActiveCfg = Release|Any CPU
		{9F483575-AFD9-4117-97C8-EC0D0D985515}.Release|Any CPU.Build.0 = Release|Any CPU
		{C4B442E3-5177-4E8C-8773-6EF1E6CB4040}.Debug|Any CPU.ActiveCfg = Debug|Any CPU
		{C4B442E3-5177-4E8C-8773-6EF1E6CB4040}.Debug|Any CPU.Build.0 = Debug|Any CPU
		{C4B442E3-5177-4E8C-8773-6EF1E6CB4040}.Release|Any CPU.ActiveCfg = Release|Any CPU
		{C4B442E3-5177-4E8C-8773-6EF1E6CB4040}.Release|Any CPU.Build.0 = Release|Any CPU
		{3768F4BF-70BC-4546-977D-AE9C2836AC5C}.Debug|Any CPU.ActiveCfg = Debug|Any CPU
		{3768F4BF-70BC-4546-977D-AE9C2836AC5C}.Debug|Any CPU.Build.0 = Debug|Any CPU
		{3768F4BF-70BC-4546-977D-AE9C2836AC5C}.Release|Any CPU.ActiveCfg = Release|Any CPU
		{3768F4BF-70BC-4546-977D-AE9C2836AC5C}.Release|Any CPU.Build.0 = Release|Any CPU
		{5AE6226E-6E30-45D2-B725-2A9532E6F2B1}.Debug|Any CPU.ActiveCfg = Debug|Any CPU
		{5AE6226E-6E30-45D2-B725-2A9532E6F2B1}.Debug|Any CPU.Build.0 = Debug|Any CPU
		{5AE6226E-6E30-45D2-B725-2A9532E6F2B1}.Release|Any CPU.ActiveCfg = Release|Any CPU
		{5AE6226E-6E30-45D2-B725-2A9532E6F2B1}.Release|Any CPU.Build.0 = Release|Any CPU
		{F9DDE729-A287-4839-85C1-C91BC7F0DC10}.Debug|Any CPU.ActiveCfg = Debug|Any CPU
		{F9DDE729-A287-4839-85C1-C91BC7F0DC10}.Debug|Any CPU.Build.0 = Debug|Any CPU
		{F9DDE729-A287-4839-85C1-C91BC7F0DC10}.Release|Any CPU.ActiveCfg = Release|Any CPU
		{F9DDE729-A287-4839-85C1-C91BC7F0DC10}.Release|Any CPU.Build.0 = Release|Any CPU
		{9AAA22ED-F264-4DCB-9BD0-01EBCF893134}.Debug|Any CPU.ActiveCfg = Debug|Any CPU
		{9AAA22ED-F264-4DCB-9BD0-01EBCF893134}.Debug|Any CPU.Build.0 = Debug|Any CPU
		{9AAA22ED-F264-4DCB-9BD0-01EBCF893134}.Release|Any CPU.ActiveCfg = Release|Any CPU
		{9AAA22ED-F264-4DCB-9BD0-01EBCF893134}.Release|Any CPU.Build.0 = Release|Any CPU
		{2FF5D25E-F937-49E6-A277-E89E3273FCCC}.Debug|Any CPU.ActiveCfg = Debug|Any CPU
		{2FF5D25E-F937-49E6-A277-E89E3273FCCC}.Debug|Any CPU.Build.0 = Debug|Any CPU
		{2FF5D25E-F937-49E6-A277-E89E3273FCCC}.Release|Any CPU.ActiveCfg = Release|Any CPU
		{2FF5D25E-F937-49E6-A277-E89E3273FCCC}.Release|Any CPU.Build.0 = Release|Any CPU
		{84FDB3DD-D5D0-4549-8800-32A7E6ECE297}.Debug|Any CPU.ActiveCfg = Debug|Any CPU
		{84FDB3DD-D5D0-4549-8800-32A7E6ECE297}.Debug|Any CPU.Build.0 = Debug|Any CPU
		{84FDB3DD-D5D0-4549-8800-32A7E6ECE297}.Release|Any CPU.ActiveCfg = Release|Any CPU
		{84FDB3DD-D5D0-4549-8800-32A7E6ECE297}.Release|Any CPU.Build.0 = Release|Any CPU
		{E7EB13C3-0461-46FF-8662-3E7FD87A45FF}.Debug|Any CPU.ActiveCfg = Debug|Any CPU
		{E7EB13C3-0461-46FF-8662-3E7FD87A45FF}.Debug|Any CPU.Build.0 = Debug|Any CPU
		{E7EB13C3-0461-46FF-8662-3E7FD87A45FF}.Release|Any CPU.ActiveCfg = Release|Any CPU
		{E7EB13C3-0461-46FF-8662-3E7FD87A45FF}.Release|Any CPU.Build.0 = Release|Any CPU
		{183FF18A-A7AA-4EEC-AE5D-DB40C995B679}.Debug|Any CPU.ActiveCfg = Debug|Any CPU
		{183FF18A-A7AA-4EEC-AE5D-DB40C995B679}.Debug|Any CPU.Build.0 = Debug|Any CPU
		{183FF18A-A7AA-4EEC-AE5D-DB40C995B679}.Release|Any CPU.ActiveCfg = Release|Any CPU
		{183FF18A-A7AA-4EEC-AE5D-DB40C995B679}.Release|Any CPU.Build.0 = Release|Any CPU
		{882154F7-123D-4298-8674-C8765B54CD6F}.Debug|Any CPU.ActiveCfg = Debug|Any CPU
		{882154F7-123D-4298-8674-C8765B54CD6F}.Debug|Any CPU.Build.0 = Debug|Any CPU
		{882154F7-123D-4298-8674-C8765B54CD6F}.Release|Any CPU.ActiveCfg = Release|Any CPU
		{882154F7-123D-4298-8674-C8765B54CD6F}.Release|Any CPU.Build.0 = Release|Any CPU
		{CFF04BCE-6478-4D45-B18C-92CACDFEF67A}.Debug|Any CPU.ActiveCfg = Debug|Any CPU
		{CFF04BCE-6478-4D45-B18C-92CACDFEF67A}.Debug|Any CPU.Build.0 = Debug|Any CPU
		{CFF04BCE-6478-4D45-B18C-92CACDFEF67A}.Release|Any CPU.ActiveCfg = Release|Any CPU
		{CFF04BCE-6478-4D45-B18C-92CACDFEF67A}.Release|Any CPU.Build.0 = Release|Any CPU
		{6ECB8214-4FC4-42D0-8BF4-287A6281A265}.Debug|Any CPU.ActiveCfg = Debug|Any CPU
		{6ECB8214-4FC4-42D0-8BF4-287A6281A265}.Debug|Any CPU.Build.0 = Debug|Any CPU
		{6ECB8214-4FC4-42D0-8BF4-287A6281A265}.Release|Any CPU.ActiveCfg = Release|Any CPU
		{6ECB8214-4FC4-42D0-8BF4-287A6281A265}.Release|Any CPU.Build.0 = Release|Any CPU
		{C16F049B-A571-4A97-B882-97419ADCDFB4}.Debug|Any CPU.ActiveCfg = Debug|Any CPU
		{C16F049B-A571-4A97-B882-97419ADCDFB4}.Debug|Any CPU.Build.0 = Debug|Any CPU
		{C16F049B-A571-4A97-B882-97419ADCDFB4}.Release|Any CPU.ActiveCfg = Release|Any CPU
		{C16F049B-A571-4A97-B882-97419ADCDFB4}.Release|Any CPU.Build.0 = Release|Any CPU
		{70371850-BDF7-46EE-9E3A-8B511F2ED3B9}.Debug|Any CPU.ActiveCfg = Debug|Any CPU
		{70371850-BDF7-46EE-9E3A-8B511F2ED3B9}.Debug|Any CPU.Build.0 = Debug|Any CPU
		{70371850-BDF7-46EE-9E3A-8B511F2ED3B9}.Release|Any CPU.ActiveCfg = Release|Any CPU
		{70371850-BDF7-46EE-9E3A-8B511F2ED3B9}.Release|Any CPU.Build.0 = Release|Any CPU
		{24C900A5-A6B9-437B-A72A-A746D2109FE3}.Debug|Any CPU.ActiveCfg = Debug|Any CPU
		{24C900A5-A6B9-437B-A72A-A746D2109FE3}.Debug|Any CPU.Build.0 = Debug|Any CPU
		{24C900A5-A6B9-437B-A72A-A746D2109FE3}.Release|Any CPU.ActiveCfg = Release|Any CPU
		{24C900A5-A6B9-437B-A72A-A746D2109FE3}.Release|Any CPU.Build.0 = Release|Any CPU
		{086E1633-6A1F-434B-AD39-59FEC1B7D0C7}.Debug|Any CPU.ActiveCfg = Debug|Any CPU
		{086E1633-6A1F-434B-AD39-59FEC1B7D0C7}.Debug|Any CPU.Build.0 = Debug|Any CPU
		{086E1633-6A1F-434B-AD39-59FEC1B7D0C7}.Release|Any CPU.ActiveCfg = Release|Any CPU
		{086E1633-6A1F-434B-AD39-59FEC1B7D0C7}.Release|Any CPU.Build.0 = Release|Any CPU
		{E66CC07D-6431-4F19-8CB5-3390A08704A6}.Debug|Any CPU.ActiveCfg = Debug|Any CPU
		{E66CC07D-6431-4F19-8CB5-3390A08704A6}.Debug|Any CPU.Build.0 = Debug|Any CPU
		{E66CC07D-6431-4F19-8CB5-3390A08704A6}.Release|Any CPU.ActiveCfg = Release|Any CPU
		{E66CC07D-6431-4F19-8CB5-3390A08704A6}.Release|Any CPU.Build.0 = Release|Any CPU
		{ED3C6998-3B7B-4F06-BC0F-F7922C31FFFB}.Debug|Any CPU.ActiveCfg = Debug|Any CPU
		{ED3C6998-3B7B-4F06-BC0F-F7922C31FFFB}.Debug|Any CPU.Build.0 = Debug|Any CPU
		{ED3C6998-3B7B-4F06-BC0F-F7922C31FFFB}.Release|Any CPU.ActiveCfg = Release|Any CPU
		{ED3C6998-3B7B-4F06-BC0F-F7922C31FFFB}.Release|Any CPU.Build.0 = Release|Any CPU
		{8EF8DC5A-6797-4E99-AE54-A59AEFEE6DF1}.Debug|Any CPU.ActiveCfg = Debug|Any CPU
		{8EF8DC5A-6797-4E99-AE54-A59AEFEE6DF1}.Debug|Any CPU.Build.0 = Debug|Any CPU
		{8EF8DC5A-6797-4E99-AE54-A59AEFEE6DF1}.Release|Any CPU.ActiveCfg = Release|Any CPU
		{8EF8DC5A-6797-4E99-AE54-A59AEFEE6DF1}.Release|Any CPU.Build.0 = Release|Any CPU
		{E2B19052-C76D-4B0A-B161-6602D714C7BC}.Debug|Any CPU.ActiveCfg = Debug|Any CPU
		{E2B19052-C76D-4B0A-B161-6602D714C7BC}.Debug|Any CPU.Build.0 = Debug|Any CPU
		{E2B19052-C76D-4B0A-B161-6602D714C7BC}.Release|Any CPU.ActiveCfg = Release|Any CPU
		{E2B19052-C76D-4B0A-B161-6602D714C7BC}.Release|Any CPU.Build.0 = Release|Any CPU
		{F456F8F6-82C9-40DC-A235-26AFB3DA3E71}.Debug|Any CPU.ActiveCfg = Debug|Any CPU
		{F456F8F6-82C9-40DC-A235-26AFB3DA3E71}.Debug|Any CPU.Build.0 = Debug|Any CPU
		{F456F8F6-82C9-40DC-A235-26AFB3DA3E71}.Release|Any CPU.ActiveCfg = Release|Any CPU
		{F456F8F6-82C9-40DC-A235-26AFB3DA3E71}.Release|Any CPU.Build.0 = Release|Any CPU
		{7C541937-2B1B-47E9-A397-65489B9E670C}.Debug|Any CPU.ActiveCfg = Debug|Any CPU
		{7C541937-2B1B-47E9-A397-65489B9E670C}.Debug|Any CPU.Build.0 = Debug|Any CPU
		{7C541937-2B1B-47E9-A397-65489B9E670C}.Release|Any CPU.ActiveCfg = Release|Any CPU
		{7C541937-2B1B-47E9-A397-65489B9E670C}.Release|Any CPU.Build.0 = Release|Any CPU
		{2E4D5900-49A7-4809-B410-968EADD89FB7}.Debug|Any CPU.ActiveCfg = Debug|Any CPU
		{2E4D5900-49A7-4809-B410-968EADD89FB7}.Debug|Any CPU.Build.0 = Debug|Any CPU
		{2E4D5900-49A7-4809-B410-968EADD89FB7}.Release|Any CPU.ActiveCfg = Release|Any CPU
		{2E4D5900-49A7-4809-B410-968EADD89FB7}.Release|Any CPU.Build.0 = Release|Any CPU
		{F1821C06-EB64-4B85-BB27-793CC7ED3527}.Debug|Any CPU.ActiveCfg = Debug|Any CPU
		{F1821C06-EB64-4B85-BB27-793CC7ED3527}.Debug|Any CPU.Build.0 = Debug|Any CPU
		{F1821C06-EB64-4B85-BB27-793CC7ED3527}.Release|Any CPU.ActiveCfg = Release|Any CPU
		{F1821C06-EB64-4B85-BB27-793CC7ED3527}.Release|Any CPU.Build.0 = Release|Any CPU
		{2926E63D-EF84-424C-B800-E2D130D5E2F0}.Debug|Any CPU.ActiveCfg = Debug|Any CPU
		{2926E63D-EF84-424C-B800-E2D130D5E2F0}.Debug|Any CPU.Build.0 = Debug|Any CPU
		{2926E63D-EF84-424C-B800-E2D130D5E2F0}.Release|Any CPU.ActiveCfg = Release|Any CPU
		{2926E63D-EF84-424C-B800-E2D130D5E2F0}.Release|Any CPU.Build.0 = Release|Any CPU
		{E61EA72C-C18C-4EAF-9CB5-BEA1752E4EB0}.Debug|Any CPU.ActiveCfg = Debug|Any CPU
		{E61EA72C-C18C-4EAF-9CB5-BEA1752E4EB0}.Debug|Any CPU.Build.0 = Debug|Any CPU
		{E61EA72C-C18C-4EAF-9CB5-BEA1752E4EB0}.Release|Any CPU.ActiveCfg = Release|Any CPU
		{E61EA72C-C18C-4EAF-9CB5-BEA1752E4EB0}.Release|Any CPU.Build.0 = Release|Any CPU
		{C7029588-EB97-432D-BEA9-96C41975DB04}.Debug|Any CPU.ActiveCfg = Debug|Any CPU
		{C7029588-EB97-432D-BEA9-96C41975DB04}.Debug|Any CPU.Build.0 = Debug|Any CPU
		{C7029588-EB97-432D-BEA9-96C41975DB04}.Release|Any CPU.ActiveCfg = Release|Any CPU
		{C7029588-EB97-432D-BEA9-96C41975DB04}.Release|Any CPU.Build.0 = Release|Any CPU
		{5A8DD8CA-1E0A-4056-8290-F25F0CC7F3FC}.Debug|Any CPU.ActiveCfg = Debug|Any CPU
		{5A8DD8CA-1E0A-4056-8290-F25F0CC7F3FC}.Debug|Any CPU.Build.0 = Debug|Any CPU
		{5A8DD8CA-1E0A-4056-8290-F25F0CC7F3FC}.Release|Any CPU.ActiveCfg = Release|Any CPU
		{5A8DD8CA-1E0A-4056-8290-F25F0CC7F3FC}.Release|Any CPU.Build.0 = Release|Any CPU
		{84530704-D329-4C75-B6A7-794B0DC3BD64}.Debug|Any CPU.ActiveCfg = Debug|Any CPU
		{84530704-D329-4C75-B6A7-794B0DC3BD64}.Debug|Any CPU.Build.0 = Debug|Any CPU
		{84530704-D329-4C75-B6A7-794B0DC3BD64}.Release|Any CPU.ActiveCfg = Release|Any CPU
		{84530704-D329-4C75-B6A7-794B0DC3BD64}.Release|Any CPU.Build.0 = Release|Any CPU
		{797A986A-9E10-4C84-B956-71FE44BE6E5B}.Debug|Any CPU.ActiveCfg = Debug|Any CPU
		{797A986A-9E10-4C84-B956-71FE44BE6E5B}.Debug|Any CPU.Build.0 = Debug|Any CPU
		{797A986A-9E10-4C84-B956-71FE44BE6E5B}.Release|Any CPU.ActiveCfg = Release|Any CPU
		{797A986A-9E10-4C84-B956-71FE44BE6E5B}.Release|Any CPU.Build.0 = Release|Any CPU
		{2F372E03-81E2-4A1C-B713-4414C208428C}.Debug|Any CPU.ActiveCfg = Debug|Any CPU
		{2F372E03-81E2-4A1C-B713-4414C208428C}.Debug|Any CPU.Build.0 = Debug|Any CPU
		{2F372E03-81E2-4A1C-B713-4414C208428C}.Release|Any CPU.ActiveCfg = Release|Any CPU
		{2F372E03-81E2-4A1C-B713-4414C208428C}.Release|Any CPU.Build.0 = Release|Any CPU
		{8104B375-3ABB-4A7A-B658-2FBD2E693402}.Debug|Any CPU.ActiveCfg = Debug|Any CPU
		{8104B375-3ABB-4A7A-B658-2FBD2E693402}.Debug|Any CPU.Build.0 = Debug|Any CPU
		{8104B375-3ABB-4A7A-B658-2FBD2E693402}.Release|Any CPU.ActiveCfg = Release|Any CPU
		{8104B375-3ABB-4A7A-B658-2FBD2E693402}.Release|Any CPU.Build.0 = Release|Any CPU
		{C44EDB8F-7A06-4D2A-90FC-D8C2B5D36387}.Debug|Any CPU.ActiveCfg = Debug|Any CPU
		{C44EDB8F-7A06-4D2A-90FC-D8C2B5D36387}.Debug|Any CPU.Build.0 = Debug|Any CPU
		{C44EDB8F-7A06-4D2A-90FC-D8C2B5D36387}.Release|Any CPU.ActiveCfg = Release|Any CPU
		{C44EDB8F-7A06-4D2A-90FC-D8C2B5D36387}.Release|Any CPU.Build.0 = Release|Any CPU
		{125F8E44-071A-494D-97B4-4E6E9603171B}.Debug|Any CPU.ActiveCfg = Debug|Any CPU
		{125F8E44-071A-494D-97B4-4E6E9603171B}.Debug|Any CPU.Build.0 = Debug|Any CPU
		{125F8E44-071A-494D-97B4-4E6E9603171B}.Release|Any CPU.ActiveCfg = Release|Any CPU
		{125F8E44-071A-494D-97B4-4E6E9603171B}.Release|Any CPU.Build.0 = Release|Any CPU
	EndGlobalSection
	GlobalSection(SolutionProperties) = preSolution
		HideSolutionNode = FALSE
	EndGlobalSection
	GlobalSection(NestedProjects) = preSolution
		{848DA995-7EC6-4D8C-BF79-18B1C0E9317A} = {C84CD256-3F46-47EB-A5E0-7482062E3705}
		{9ABDCCB2-0731-4C40-AEBD-4C44FE4B383E} = {C84CD256-3F46-47EB-A5E0-7482062E3705}
		{254ADAF9-FCAD-4C04-B73A-62E9F31BF2FE} = {C84CD256-3F46-47EB-A5E0-7482062E3705}
		{9268660F-1C59-4439-AA2D-2515F5DCCFA7} = {C84CD256-3F46-47EB-A5E0-7482062E3705}
		{321A9F76-A90B-4B3D-8428-4493C001DE7D} = {C84CD256-3F46-47EB-A5E0-7482062E3705}
		{B10F4105-353D-400D-BBBE-2BA6E950E9ED} = {C84CD256-3F46-47EB-A5E0-7482062E3705}
		{9F483575-AFD9-4117-97C8-EC0D0D985515} = {C84CD256-3F46-47EB-A5E0-7482062E3705}
		{C4B442E3-5177-4E8C-8773-6EF1E6CB4040} = {C84CD256-3F46-47EB-A5E0-7482062E3705}
		{3768F4BF-70BC-4546-977D-AE9C2836AC5C} = {C84CD256-3F46-47EB-A5E0-7482062E3705}
		{5AE6226E-6E30-45D2-B725-2A9532E6F2B1} = {C84CD256-3F46-47EB-A5E0-7482062E3705}
		{F9DDE729-A287-4839-85C1-C91BC7F0DC10} = {C84CD256-3F46-47EB-A5E0-7482062E3705}
		{9AAA22ED-F264-4DCB-9BD0-01EBCF893134} = {C84CD256-3F46-47EB-A5E0-7482062E3705}
		{2FF5D25E-F937-49E6-A277-E89E3273FCCC} = {C84CD256-3F46-47EB-A5E0-7482062E3705}
		{84FDB3DD-D5D0-4549-8800-32A7E6ECE297} = {C84CD256-3F46-47EB-A5E0-7482062E3705}
		{E7EB13C3-0461-46FF-8662-3E7FD87A45FF} = {C84CD256-3F46-47EB-A5E0-7482062E3705}
		{183FF18A-A7AA-4EEC-AE5D-DB40C995B679} = {8D3DEF67-7982-4046-B3E1-DC888CC74FCF}
		{882154F7-123D-4298-8674-C8765B54CD6F} = {C84CD256-3F46-47EB-A5E0-7482062E3705}
		{CFF04BCE-6478-4D45-B18C-92CACDFEF67A} = {C84CD256-3F46-47EB-A5E0-7482062E3705}
		{6ECB8214-4FC4-42D0-8BF4-287A6281A265} = {C84CD256-3F46-47EB-A5E0-7482062E3705}
		{C16F049B-A571-4A97-B882-97419ADCDFB4} = {8D3DEF67-7982-4046-B3E1-DC888CC74FCF}
		{70371850-BDF7-46EE-9E3A-8B511F2ED3B9} = {8D3DEF67-7982-4046-B3E1-DC888CC74FCF}
		{24C900A5-A6B9-437B-A72A-A746D2109FE3} = {C84CD256-3F46-47EB-A5E0-7482062E3705}
		{086E1633-6A1F-434B-AD39-59FEC1B7D0C7} = {C84CD256-3F46-47EB-A5E0-7482062E3705}
		{E66CC07D-6431-4F19-8CB5-3390A08704A6} = {C84CD256-3F46-47EB-A5E0-7482062E3705}
		{ED3C6998-3B7B-4F06-BC0F-F7922C31FFFB} = {8D3DEF67-7982-4046-B3E1-DC888CC74FCF}
		{8EF8DC5A-6797-4E99-AE54-A59AEFEE6DF1} = {8D3DEF67-7982-4046-B3E1-DC888CC74FCF}
		{E2B19052-C76D-4B0A-B161-6602D714C7BC} = {8D3DEF67-7982-4046-B3E1-DC888CC74FCF}
		{F456F8F6-82C9-40DC-A235-26AFB3DA3E71} = {C84CD256-3F46-47EB-A5E0-7482062E3705}
		{7C541937-2B1B-47E9-A397-65489B9E670C} = {8D3DEF67-7982-4046-B3E1-DC888CC74FCF}
		{2E4D5900-49A7-4809-B410-968EADD89FB7} = {8D3DEF67-7982-4046-B3E1-DC888CC74FCF}
		{F1821C06-EB64-4B85-BB27-793CC7ED3527} = {8D3DEF67-7982-4046-B3E1-DC888CC74FCF}
		{2926E63D-EF84-424C-B800-E2D130D5E2F0} = {8D3DEF67-7982-4046-B3E1-DC888CC74FCF}
		{E61EA72C-C18C-4EAF-9CB5-BEA1752E4EB0} = {8D3DEF67-7982-4046-B3E1-DC888CC74FCF}
		{C7029588-EB97-432D-BEA9-96C41975DB04} = {8D3DEF67-7982-4046-B3E1-DC888CC74FCF}
		{5A8DD8CA-1E0A-4056-8290-F25F0CC7F3FC} = {8D3DEF67-7982-4046-B3E1-DC888CC74FCF}
		{84530704-D329-4C75-B6A7-794B0DC3BD64} = {C84CD256-3F46-47EB-A5E0-7482062E3705}
		{797A986A-9E10-4C84-B956-71FE44BE6E5B} = {8D3DEF67-7982-4046-B3E1-DC888CC74FCF}
		{2F372E03-81E2-4A1C-B713-4414C208428C} = {8D3DEF67-7982-4046-B3E1-DC888CC74FCF}
		{C44EDB8F-7A06-4D2A-90FC-D8C2B5D36387} = {8D3DEF67-7982-4046-B3E1-DC888CC74FCF}
		{125F8E44-071A-494D-97B4-4E6E9603171B} = {8D3DEF67-7982-4046-B3E1-DC888CC74FCF}
	EndGlobalSection
	GlobalSection(ExtensibilityGlobals) = postSolution
		SolutionGuid = {6988F045-251D-41B9-8837-5B803A14ADDE}
	EndGlobalSection
EndGlobal
