
Microsoft Visual Studio Solution File, Format Version 12.00
# Visual Studio Version 16
VisualStudioVersion = 16.0.30406.217
MinimumVisualStudioVersion = 10.0.40219.1
Project("{FAE04EC0-301F-11D3-BF4B-00C04F79EFBC}") = "WpfCommandTest2", "WpfCommandTest2\WpfCommandTest2.csproj", "{848DA995-7EC6-4D8C-BF79-18B1C0E9317A}"
EndProject
Project("{FAE04EC0-301F-11D3-BF4B-00C04F79EFBC}") = "WpfCommandTest1", "WpfCommandTest1\WpfCommandTest1.csproj", "{9ABDCCB2-0731-4C40-AEBD-4C44FE4B383E}"
EndProject
Project("{FAE04EC0-301F-11D3-BF4B-00C04F79EFBC}") = "WpfRouteEventTest1", "WpfRouteEventTest1\WpfRouteEventTest1.csproj", "{254ADAF9-FCAD-4C04-B73A-62E9F31BF2FE}"
EndProject
Project("{FAE04EC0-301F-11D3-BF4B-00C04F79EFBC}") = "WpfEvent", "WpfEvent\WpfEvent.csproj", "{9268660F-1C59-4439-AA2D-2515F5DCCFA7}"
EndProject
Project("{FAE04EC0-301F-11D3-BF4B-00C04F79EFBC}") = "WpfBinding", "WpfBinding\WpfBinding.csproj", "{321A9F76-A90B-4B3D-8428-4493C001DE7D}"
EndProject
Project("{FAE04EC0-301F-11D3-BF4B-00C04F79EFBC}") = "WpfMVVMLight", "WpfMVVMLight\WpfMVVMLight.csproj", "{B10F4105-353D-400D-BBBE-2BA6E950E9ED}"
EndProject
Project("{FAE04EC0-301F-11D3-BF4B-00C04F79EFBC}") = "WpfCommandTest3", "WpfCommandTest3\WpfCommandTest3.csproj", "{9F483575-AFD9-4117-97C8-EC0D0D985515}"
EndProject
Project("{FAE04EC0-301F-11D3-BF4B-00C04F79EFBC}") = "WpfCommandTest4", "WpfCommandTest4\WpfCommandTest4.csproj", "{C4B442E3-5177-4E8C-8773-6EF1E6CB4040}"
EndProject
Project("{FAE04EC0-301F-11D3-BF4B-00C04F79EFBC}") = "WpfDataTypeConvert", "WpfDataTypeConvert\WpfDataTypeConvert.csproj", "{3768F4BF-70BC-4546-977D-AE9C2836AC5C}"
EndProject
Project("{FAE04EC0-301F-11D3-BF4B-00C04F79EFBC}") = "WpfRegex", "WpfRegex\WpfRegex.csproj", "{5AE6226E-6E30-45D2-B725-2A9532E6F2B1}"
EndProject
Project("{FAE04EC0-301F-11D3-BF4B-00C04F79EFBC}") = "WpfDataProcess", "WpfDataProcess\WpfDataProcess.csproj", "{F9DDE729-A287-4839-85C1-C91BC7F0DC10}"
EndProject
Project("{FAE04EC0-301F-11D3-BF4B-00C04F79EFBC}") = "WpfTextBlockBinding", "WpfTextBlockBinding\WpfTextBlockBinding.csproj", "{9AAA22ED-F264-4DCB-9BD0-01EBCF893134}"
EndProject
Project("{FAE04EC0-301F-11D3-BF4B-00C04F79EFBC}") = "WpfTextBlockBinding1", "WpfTextBlockBinding1\WpfTextBlockBinding1.csproj", "{2FF5D25E-F937-49E6-A277-E89E3273FCCC}"
EndProject
Project("{FAE04EC0-301F-11D3-BF4B-00C04F79EFBC}") = "WpfByteTypeTest", "WpfByteTypeTest\WpfByteTypeTest.csproj", "{84FDB3DD-D5D0-4549-8800-32A7E6ECE297}"
EndProject
Project("{FAE04EC0-301F-11D3-BF4B-00C04F79EFBC}") = "WpfBoolToStringConvert", "WpfBoolToStringConvert\WpfBoolToStringConvert.csproj", "{E7EB13C3-0461-46FF-8662-3E7FD87A45FF}"
EndProject
Project("{FAE04EC0-301F-11D3-BF4B-00C04F79EFBC}") = "String.ToCharArray Method", "String.ToCharArray Method\String.ToCharArray Method.csproj", "{183FF18A-A7AA-4EEC-AE5D-DB40C995B679}"
EndProject
Project("{FAE04EC0-301F-11D3-BF4B-00C04F79EFBC}") = "WpfStringToHexAndBCD", "WpfStringToHexAndBCD\WpfStringToHexAndBCD.csproj", "{882154F7-123D-4298-8674-C8765B54CD6F}"
EndProject
Project("{FAE04EC0-301F-11D3-BF4B-00C04F79EFBC}") = "WpfThread", "WpfThread\WpfThread.csproj", "{CFF04BCE-6478-4D45-B18C-92CACDFEF67A}"
EndProject
Project("{FAE04EC0-301F-11D3-BF4B-00C04F79EFBC}") = "WpfDelegateTest", "WpfDelegateTest\WpfDelegateTest.csproj", "{6ECB8214-4FC4-42D0-8BF4-287A6281A265}"
EndProject
Project("{FAE04EC0-301F-11D3-BF4B-00C04F79EFBC}") = "ThreadTest1App", "ThreadTest1App\ThreadTest1App.csproj", "{C16F049B-A571-4A97-B882-97419ADCDFB4}"
EndProject
Project("{FAE04EC0-301F-11D3-BF4B-00C04F79EFBC}") = "ThreaaTestApp2", "ThreaaTestApp2\ThreaaTestApp2.csproj", "{70371850-BDF7-46EE-9E3A-8B511F2ED3B9}"
EndProject
Project("{FAE04EC0-301F-11D3-BF4B-00C04F79EFBC}") = "WpfStringFormatTest", "WpfStringFormatTest\WpfStringFormatTest.csproj", "{24C900A5-A6B9-437B-A72A-A746D2109FE3}"
EndProject
Project("{FAE04EC0-301F-11D3-BF4B-00C04F79EFBC}") = "WpfDispatcher", "WpfDispatcher\WpfDispatcher.csproj", "{086E1633-6A1F-434B-AD39-59FEC1B7D0C7}"
EndProject
Project("{FAE04EC0-301F-11D3-BF4B-00C04F79EFBC}") = "WpfListAddFuction", "WpfListAddFuction\WpfListAddFuction.csproj", "{E66CC07D-6431-4F19-8CB5-3390A08704A6}"
EndProject
Project("{FAE04EC0-301F-11D3-BF4B-00C04F79EFBC}") = "ConsoleThreadStop", "ConsoleThreadStop\ConsoleThreadStop.csproj", "{ED3C6998-3B7B-4F06-BC0F-F7922C31FFFB}"
EndProject
Project("{FAE04EC0-301F-11D3-BF4B-00C04F79EFBC}") = "SqlSugar", "SqlSugar\SqlSugar.csproj", "{8EF8DC5A-6797-4E99-AE54-A59AEFEE6DF1}"
EndProject
Project("{FAE04EC0-301F-11D3-BF4B-00C04F79EFBC}") = "EFtest1", "EFtest1\EFtest1.csproj", "{E2B19052-C76D-4B0A-B161-6602D714C7BC}"
EndProject
Project("{FAE04EC0-301F-11D3-BF4B-00C04F79EFBC}") = "WpfObservableCollectionTest1", "WpfObservableCollectionTest1\WpfObservableCollectionTest1.csproj", "{F456F8F6-82C9-40DC-A235-26AFB3DA3E71}"
EndProject
Project("{FAE04EC0-301F-11D3-BF4B-00C04F79EFBC}") = "ConGenericTest1", "ConGenericTest1\ConGenericTest1.csproj", "{7C541937-2B1B-47E9-A397-65489B9E670C}"
EndProject
Project("{FAE04EC0-301F-11D3-BF4B-00C04F79EFBC}") = "ConDateTimeFormatTest1", "ConDateTimeFormatTest1\ConDateTimeFormatTest1.csproj", "{2E4D5900-49A7-4809-B410-968EADD89FB7}"
EndProject
Project("{FAE04EC0-301F-11D3-BF4B-00C04F79EFBC}") = "ConTaskTest1", "ConTaskTest1\ConTaskTest1.csproj", "{F1821C06-EB64-4B85-BB27-793CC7ED3527}"
EndProject
Project("{FAE04EC0-301F-11D3-BF4B-00C04F79EFBC}") = "ConTaskTest2", "ConTaskTest2\ConTaskTest2.csproj", "{2926E63D-EF84-424C-B800-E2D130D5E2F0}"
EndProject
Project("{FAE04EC0-301F-11D3-BF4B-00C04F79EFBC}") = "ConRefAndOuttest1", "ConRefAndOuttest1\ConRefAndOuttest1.csproj", "{E61EA72C-C18C-4EAF-9CB5-BEA1752E4EB0}"
EndProject
Project("{9A19103F-16F7-4668-BE54-9A1E7A4F7556}") = "ConTypeTest1", "ConTypeTest1\ConTypeTest1.csproj", "{C7029588-EB97-432D-BEA9-96C41975DB04}"
EndProject
Project("{FAE04EC0-301F-11D3-BF4B-00C04F79EFBC}") = "ConMySQLTest", "ConMySQLTest\ConMySQLTest.csproj", "{5A8DD8CA-1E0A-4056-8290-F25F0CC7F3FC}"
EndProject
Project("{FAE04EC0-301F-11D3-BF4B-00C04F79EFBC}") = "WpfMySQLTest", "WpfMySQLTest\WpfMySQLTest.csproj", "{84530704-D329-4C75-B6A7-794B0DC3BD64}"
EndProject
Project("{2150E333-8FDC-42A3-9474-1A3956D46DE8}") = "Console", "Console", "{8D3DEF67-7982-4046-B3E1-DC888CC74FCF}"
EndProject
Project("{2150E333-8FDC-42A3-9474-1A3956D46DE8}") = "WPF", "WPF", "{C84CD256-3F46-47EB-A5E0-7482062E3705}"
EndProject
Project("{FAE04EC0-301F-11D3-BF4B-00C04F79EFBC}") = "ConVirtualTest", "ConVirtualTest\ConVirtualTest.csproj", "{797A986A-9E10-4C84-B956-71FE44BE6E5B}"
EndProject
Project("{FAE04EC0-301F-11D3-BF4B-00C04F79EFBC}") = "ConAbstractTest", "ConAbstractTest\ConAbstractTest.csproj", "{2F372E03-81E2-4A1C-B713-4414C208428C}"
EndProject
Project("{9A19103F-16F7-4668-BE54-9A1E7A4F7556}") = "ConLog4Net", "ConLog4Net\ConLog4Net.csproj", "{8104B375-3ABB-4A7A-B658-2FBD2E693402}"
EndProject
Project("{FAE04EC0-301F-11D3-BF4B-00C04F79EFBC}") = "ConConfigurationManagerTest", "ConConfigurationManagerTest\ConConfigurationManagerTest.csproj", "{C44EDB8F-7A06-4D2A-90FC-D8C2B5D36387}"
EndProject
Project("{FAE04EC0-301F-11D3-BF4B-00C04F79EFBC}") = "ConListTest", "ConListTest\ConListTest.csproj", "{125F8E44-071A-494D-97B4-4E6E9603171B}"
EndProject
Project("{FAE04EC0-301F-11D3-BF4B-00C04F79EFBC}") = "WpfChartTest1", "WpfChartTest1\WpfChartTest1.csproj", "{48E505BB-F018-4D44-8AA8-8A7DD6BBC543}"
EndProject
Project("{9A19103F-16F7-4668-BE54-9A1E7A4F7556}") = "ConByteArrayTest", "ConByteArrayTest\ConByteArrayTest.csproj", "{303B79DE-E734-4BBB-B002-75E349A81DC6}"
EndProject
Project("{9A19103F-16F7-4668-BE54-9A1E7A4F7556}") = "WpfPictureTest", "WpfPictureTest\WpfPictureTest.csproj", "{FBB09044-FEAC-4D57-AF3A-3A8F0C649691}"
EndProject
Project("{9A19103F-16F7-4668-BE54-9A1E7A4F7556}") = "WpfPictureTest1", "WpfPictureTest1\WpfPictureTest1.csproj", "{2BF6F548-20BF-42C0-A526-6737730D848E}"
EndProject
Project("{2150E333-8FDC-42A3-9474-1A3956D46DE8}") = "Winform", "Winform", "{980BE407-AFDF-4632-8883-E622075B4B78}"
EndProject
Project("{FAE04EC0-301F-11D3-BF4B-00C04F79EFBC}") = "WindowsFormsPicture", "WindowsFormsPicture\WindowsFormsPicture.csproj", "{2C07486A-D705-48C6-AEBD-928DA28AB84B}"
EndProject
Project("{9A19103F-16F7-4668-BE54-9A1E7A4F7556}") = "WpfPictureTest2", "WpfPictureTest2\WpfPictureTest2.csproj", "{E8C46F6B-A22D-4FFB-80C4-75EF0FFD72F3}"
EndProject
Project("{FAE04EC0-301F-11D3-BF4B-00C04F79EFBC}") = "WpfPopupTest", "WpfPopupTest\WpfPopupTest.csproj", "{8239C700-33E9-4844-AB52-4AD4D0ED118E}"
EndProject
Project("{9A19103F-16F7-4668-BE54-9A1E7A4F7556}") = "ConWebAPITest", "ConWebAPI\ConWebAPITest.csproj", "{E6B4E63E-276E-4D9B-8F51-4ED7256B9225}"
EndProject
Project("{FAE04EC0-301F-11D3-BF4B-00C04F79EFBC}") = "ConWebAPITest1", "ConWebAPITest1\ConWebAPITest1.csproj", "{2AFC75B5-9457-45A4-BCC8-9B920083341F}"
EndProject
Project("{FAE04EC0-301F-11D3-BF4B-00C04F79EFBC}") = "ConWebAPITest2", "ConWebAPITest2\ConWebAPITest2.csproj", "{D2BED244-4BEC-4509-8AF8-9AD28FD46E6C}"
EndProject
Project("{FAE04EC0-301F-11D3-BF4B-00C04F79EFBC}") = "WpfDynamicDataDisplay", "WpfDynamicDataDisplay\WpfDynamicDataDisplay.csproj", "{C921DAE1-BE88-42BB-BDEB-1D8B24ADE885}"
EndProject
Project("{FAE04EC0-301F-11D3-BF4B-00C04F79EFBC}") = "WpfDynamicDataDisplay1", "WpfDynamicDataDisplay1\WpfDynamicDataDisplay1.csproj", "{034D71DF-240C-4212-ABD0-6954F66BC230}"
EndProject
Project("{FAE04EC0-301F-11D3-BF4B-00C04F79EFBC}") = "WpfRollingTest1", "WpfRollingTest1\WpfRollingTest1.csproj", "{652E432A-E6F0-4026-81F2-CDCA1E70B360}"
EndProject
Project("{FAE04EC0-301F-11D3-BF4B-00C04F79EFBC}") = "WpfRollingTest2", "WpfRollingTest2\WpfRollingTest2.csproj", "{51311F74-9256-43B7-A0DE-B7A1B03F3863}"
EndProject
Project("{FAE04EC0-301F-11D3-BF4B-00C04F79EFBC}") = "WpfGeometryTest", "WpfGeometryTest\WpfGeometryTest.csproj", "{760DE53F-BB27-4267-BB94-7354CC71FBE2}"
EndProject
Project("{FAE04EC0-301F-11D3-BF4B-00C04F79EFBC}") = "DynamicDataDisplay", "DynamicDataDisplay\DynamicDataDisplay.csproj", "{ECD37682-DF7E-409F-912D-0965634556B5}"
EndProject
Project("{FAE04EC0-301F-11D3-BF4B-00C04F79EFBC}") = "WpfBindingTest1", "WpfBindingTest1\WpfBindingTest1.csproj", "{47A97DD3-80C2-43DE-88B0-DDEC02CEF5C7}"
EndProject
Project("{FAE04EC0-301F-11D3-BF4B-00C04F79EFBC}") = "WpfResourcesTest", "WpfResourcesTest\WpfResourcesTest.csproj", "{375348F0-4D73-4F8C-B277-5BBDE1530C12}"
EndProject
Project("{FAE04EC0-301F-11D3-BF4B-00C04F79EFBC}") = "WpfMSWordTest", "WpfMSWordTest\WpfMSWordTest.csproj", "{70AAFE0D-15A7-4E86-80DF-8B014FA7A763}"
EndProject
Project("{FAE04EC0-301F-11D3-BF4B-00C04F79EFBC}") = "WpfLoading", "WpfLoading\WpfLoading.csproj", "{E189EAA3-B4AC-431D-AEBF-60CFACC8B3CC}"
EndProject
Project("{2150E333-8FDC-42A3-9474-1A3956D46DE8}") = "AspNetCore", "AspNetCore", "{918286E0-F70C-484B-B91B-F2337166712D}"
EndProject
Project("{9A19103F-16F7-4668-BE54-9A1E7A4F7556}") = "WebSSLTest", "WebSSLTest\WebSSLTest.csproj", "{7EA3964D-034B-4494-97D9-B5471C1DECFC}"
EndProject
Project("{9A19103F-16F7-4668-BE54-9A1E7A4F7556}") = "WebSSLTest1", "WebSSLTest1\WebSSLTest1.csproj", "{66A29314-25EA-4CBB-84B7-75906BFA59E2}"
EndProject
Project("{9A19103F-16F7-4668-BE54-9A1E7A4F7556}") = "ConMySQLTest1", "ConMySQLTest1\ConMySQLTest1.csproj", "{AF6A92D9-FE21-4C8D-AF98-5A707E6E8E33}"
EndProject
Project("{9A19103F-16F7-4668-BE54-9A1E7A4F7556}") = "ConMySQLTest2", "ConMySQLTest2\ConMySQLTest2.csproj", "{E4445CE2-DB82-4FF0-A8B1-0BB3855A8399}"
EndProject
Project("{9A19103F-16F7-4668-BE54-9A1E7A4F7556}") = "ConMSSQLTest", "ConMSSQLTest\ConMSSQLTest.csproj", "{7ABA8BCD-8AD2-4229-8F9B-439B010837C8}"
EndProject
Project("{9A19103F-16F7-4668-BE54-9A1E7A4F7556}") = "WebSSLTest2", "WebSSLTest2\WebSSLTest2.csproj", "{8823564A-4EAC-41F3-B22B-A47BFEF05187}"
EndProject
Project("{9A19103F-16F7-4668-BE54-9A1E7A4F7556}") = "ConJsonTest", "ConJsonTest\ConJsonTest.csproj", "{D73BC3A5-3013-4C6E-AF80-F6282262C17E}"
EndProject
Project("{9A19103F-16F7-4668-BE54-9A1E7A4F7556}") = "ConServiceProvider", "ConServiceProvider\ConServiceProvider.csproj", "{5743D514-0FA3-4FB1-9BF5-0F31016E1A11}"
EndProject
Project("{9A19103F-16F7-4668-BE54-9A1E7A4F7556}") = "ConServiceProviderTest1", "ConServiceProviderTest1\ConServiceProviderTest1.csproj", "{61E0805B-851C-481C-9726-4F6EA95DCA97}"
EndProject
Project("{9A19103F-16F7-4668-BE54-9A1E7A4F7556}") = "AspNetCoreStartup", "AspNetCoreStartup\AspNetCoreStartup.csproj", "{9367F3B4-838C-4D9F-8574-B20BB30DF087}"
EndProject
Project("{9A19103F-16F7-4668-BE54-9A1E7A4F7556}") = "AspNetCoreStartupTest1", "AspNetCoreStartupTest1\AspNetCoreStartupTest1.csproj", "{A19CD422-C015-4C04-8ED9-2AFBC117CE21}"
EndProject
Project("{9A19103F-16F7-4668-BE54-9A1E7A4F7556}") = "WpfTextBox", "WpfTextBox\WpfTextBox.csproj", "{A6C5D3EA-23A9-422D-A4C9-0BD5DEB59015}"
EndProject
Project("{9A19103F-16F7-4668-BE54-9A1E7A4F7556}") = "ConJson", "ConJson\ConJson.csproj", "{5385C48B-6114-4B1A-B85A-D996E790B6D8}"
EndProject
Project("{9A19103F-16F7-4668-BE54-9A1E7A4F7556}") = "ConString", "ConString\ConString.csproj", "{E47F97BC-41AF-42F3-B69D-52DFE287FF45}"
EndProject
Project("{9A19103F-16F7-4668-BE54-9A1E7A4F7556}") = "ConMinIO", "ConMinIO\ConMinIO.csproj", "{584B0BFC-4CB3-4DA1-A7E2-3E431EF325CA}"
EndProject
Project("{9A19103F-16F7-4668-BE54-9A1E7A4F7556}") = "WpfMinio", "WpfMinio\WpfMinio.csproj", "{4666CD52-CA06-4DE0-888E-F4FC25ED4836}"
EndProject
Project("{FAE04EC0-301F-11D3-BF4B-00C04F79EFBC}") = "WpfMinioTest1", "WpfMinioTest1\WpfMinioTest1.csproj", "{4BA27862-9FB3-439A-9D07-88910FA547A6}"
EndProject
Project("{9A19103F-16F7-4668-BE54-9A1E7A4F7556}") = "ConDateTime", "ConDateTime\ConDateTime.csproj", "{463E5DE3-AAA9-4702-A96C-BA82885E6A62}"
EndProject
Project("{9A19103F-16F7-4668-BE54-9A1E7A4F7556}") = "Minio", "Minio\Minio.csproj", "{AE02B2D9-BBAE-49E6-9ECF-3CD4E2466318}"
EndProject
Project("{9A19103F-16F7-4668-BE54-9A1E7A4F7556}") = "WpfScreenshot", "WpfScreenshot\WpfScreenshot.csproj", "{20DDB0BB-A904-41F1-B02C-731B55B42DB0}"
EndProject
Project("{9A19103F-16F7-4668-BE54-9A1E7A4F7556}") = "ConDirectory", "ConDirectory\ConDirectory.csproj", "{1BA1C4C2-93BC-4DF3-8611-18496E17F6F7}"
EndProject
Project("{9A19103F-16F7-4668-BE54-9A1E7A4F7556}") = "WpfWebApi", "WpfWebApi\WpfWebApi.csproj", "{B877269E-7B9A-40EB-925A-2453A3A457C4}"
EndProject
Project("{9A19103F-16F7-4668-BE54-9A1E7A4F7556}") = "WpfRefit", "WpfRefit\WpfRefit.csproj", "{7926CC1E-D184-4DAB-A5FF-68A7E9B37156}"
EndProject
Project("{9A19103F-16F7-4668-BE54-9A1E7A4F7556}") = "AspNetCoreTest1", "AspNetCoreTest1\AspNetCoreTest1.csproj", "{2B714197-5587-45DA-92A5-F0305A572392}"
EndProject
Project("{9A19103F-16F7-4668-BE54-9A1E7A4F7556}") = "AspNetCoreStartupTest2", "AspNetCoreStartupTest2\AspNetCoreStartupTest2.csproj", "{9C9118DB-BA48-4C7F-B175-6E37F50976E6}"
EndProject
Project("{9A19103F-16F7-4668-BE54-9A1E7A4F7556}") = "AspNetCoreStartupTest3", "AspNetCoreStartupTest3\AspNetCoreStartupTest3.csproj", "{8F0DB932-7642-481F-A469-5E9DB5334C05}"
EndProject
Project("{9A19103F-16F7-4668-BE54-9A1E7A4F7556}") = "AspNetCoreStartupTest4", "AspNetCoreStartupTest4\AspNetCoreStartupTest4.csproj", "{B627F49C-59AE-47EC-AE22-C91CADA74425}"
EndProject
Project("{9A19103F-16F7-4668-BE54-9A1E7A4F7556}") = "AspNetCoreJWT", "AspNetCoreJWT\AspNetCoreJWT.csproj", "{DB3EFD9C-D4FF-4DE1-89C7-87B3E44781CD}"
EndProject
Project("{9A19103F-16F7-4668-BE54-9A1E7A4F7556}") = "AspNetCoreJWTTest1", "AspNetCoreJWTTest1\AspNetCoreJWTTest1.csproj", "{61B87C21-0DD4-49D3-AF58-254318BBBB10}"
EndProject
Project("{9A19103F-16F7-4668-BE54-9A1E7A4F7556}") = "AspNetCoreJWTTest2", "AspNetCoreJWTTest2\AspNetCoreJWTTest2.csproj", "{8A91B296-1CE9-43AD-8D09-E9EC9F1700CC}"
EndProject
Project("{9A19103F-16F7-4668-BE54-9A1E7A4F7556}") = "AspNetCoreJWTTest3", "AspNetCoreJWTTest3\AspNetCoreJWTTest3.csproj", "{660BEE02-7544-473A-A52A-4908326DDD73}"
EndProject
Project("{9A19103F-16F7-4668-BE54-9A1E7A4F7556}") = "WpfMinioTest2", "WpfMinioTest2\WpfMinioTest2.csproj", "{27B60835-34E6-47EA-9035-CD4C1527A56C}"
EndProject
Project("{9A19103F-16F7-4668-BE54-9A1E7A4F7556}") = "WpfStream", "WpfStream\WpfStream.csproj", "{2AD748C3-C3B8-42D0-86FC-AC3928F3A2EA}"
EndProject
Project("{FAE04EC0-301F-11D3-BF4B-00C04F79EFBC}") = "ConStream", "ConStream\ConStream.csproj", "{C1B6CBE3-944C-4C32-86FE-3F4BCBD60B9C}"
EndProject
Global
	GlobalSection(SolutionConfigurationPlatforms) = preSolution
		Debug|Any CPU = Debug|Any CPU
		Release|Any CPU = Release|Any CPU
		ReleaseXBAP|Any CPU = ReleaseXBAP|Any CPU
	EndGlobalSection
	GlobalSection(ProjectConfigurationPlatforms) = postSolution
		{848DA995-7EC6-4D8C-BF79-18B1C0E9317A}.Debug|Any CPU.ActiveCfg = Debug|Any CPU
		{848DA995-7EC6-4D8C-BF79-18B1C0E9317A}.Debug|Any CPU.Build.0 = Debug|Any CPU
		{848DA995-7EC6-4D8C-BF79-18B1C0E9317A}.Release|Any CPU.ActiveCfg = Release|Any CPU
		{848DA995-7EC6-4D8C-BF79-18B1C0E9317A}.Release|Any CPU.Build.0 = Release|Any CPU
		{848DA995-7EC6-4D8C-BF79-18B1C0E9317A}.ReleaseXBAP|Any CPU.ActiveCfg = Release|Any CPU
		{848DA995-7EC6-4D8C-BF79-18B1C0E9317A}.ReleaseXBAP|Any CPU.Build.0 = Release|Any CPU
		{9ABDCCB2-0731-4C40-AEBD-4C44FE4B383E}.Debug|Any CPU.ActiveCfg = Debug|Any CPU
		{9ABDCCB2-0731-4C40-AEBD-4C44FE4B383E}.Debug|Any CPU.Build.0 = Debug|Any CPU
		{9ABDCCB2-0731-4C40-AEBD-4C44FE4B383E}.Release|Any CPU.ActiveCfg = Release|Any CPU
		{9ABDCCB2-0731-4C40-AEBD-4C44FE4B383E}.Release|Any CPU.Build.0 = Release|Any CPU
		{9ABDCCB2-0731-4C40-AEBD-4C44FE4B383E}.ReleaseXBAP|Any CPU.ActiveCfg = Release|Any CPU
		{9ABDCCB2-0731-4C40-AEBD-4C44FE4B383E}.ReleaseXBAP|Any CPU.Build.0 = Release|Any CPU
		{254ADAF9-FCAD-4C04-B73A-62E9F31BF2FE}.Debug|Any CPU.ActiveCfg = Debug|Any CPU
		{254ADAF9-FCAD-4C04-B73A-62E9F31BF2FE}.Debug|Any CPU.Build.0 = Debug|Any CPU
		{254ADAF9-FCAD-4C04-B73A-62E9F31BF2FE}.Release|Any CPU.ActiveCfg = Release|Any CPU
		{254ADAF9-FCAD-4C04-B73A-62E9F31BF2FE}.Release|Any CPU.Build.0 = Release|Any CPU
		{254ADAF9-FCAD-4C04-B73A-62E9F31BF2FE}.ReleaseXBAP|Any CPU.ActiveCfg = Release|Any CPU
		{254ADAF9-FCAD-4C04-B73A-62E9F31BF2FE}.ReleaseXBAP|Any CPU.Build.0 = Release|Any CPU
		{9268660F-1C59-4439-AA2D-2515F5DCCFA7}.Debug|Any CPU.ActiveCfg = Debug|Any CPU
		{9268660F-1C59-4439-AA2D-2515F5DCCFA7}.Debug|Any CPU.Build.0 = Debug|Any CPU
		{9268660F-1C59-4439-AA2D-2515F5DCCFA7}.Release|Any CPU.ActiveCfg = Release|Any CPU
		{9268660F-1C59-4439-AA2D-2515F5DCCFA7}.Release|Any CPU.Build.0 = Release|Any CPU
		{9268660F-1C59-4439-AA2D-2515F5DCCFA7}.ReleaseXBAP|Any CPU.ActiveCfg = Release|Any CPU
		{9268660F-1C59-4439-AA2D-2515F5DCCFA7}.ReleaseXBAP|Any CPU.Build.0 = Release|Any CPU
		{321A9F76-A90B-4B3D-8428-4493C001DE7D}.Debug|Any CPU.ActiveCfg = Debug|Any CPU
		{321A9F76-A90B-4B3D-8428-4493C001DE7D}.Debug|Any CPU.Build.0 = Debug|Any CPU
		{321A9F76-A90B-4B3D-8428-4493C001DE7D}.Release|Any CPU.ActiveCfg = Release|Any CPU
		{321A9F76-A90B-4B3D-8428-4493C001DE7D}.Release|Any CPU.Build.0 = Release|Any CPU
		{321A9F76-A90B-4B3D-8428-4493C001DE7D}.ReleaseXBAP|Any CPU.ActiveCfg = Release|Any CPU
		{321A9F76-A90B-4B3D-8428-4493C001DE7D}.ReleaseXBAP|Any CPU.Build.0 = Release|Any CPU
		{B10F4105-353D-400D-BBBE-2BA6E950E9ED}.Debug|Any CPU.ActiveCfg = Debug|Any CPU
		{B10F4105-353D-400D-BBBE-2BA6E950E9ED}.Debug|Any CPU.Build.0 = Debug|Any CPU
		{B10F4105-353D-400D-BBBE-2BA6E950E9ED}.Release|Any CPU.ActiveCfg = Release|Any CPU
		{B10F4105-353D-400D-BBBE-2BA6E950E9ED}.Release|Any CPU.Build.0 = Release|Any CPU
		{B10F4105-353D-400D-BBBE-2BA6E950E9ED}.ReleaseXBAP|Any CPU.ActiveCfg = Release|Any CPU
		{B10F4105-353D-400D-BBBE-2BA6E950E9ED}.ReleaseXBAP|Any CPU.Build.0 = Release|Any CPU
		{9F483575-AFD9-4117-97C8-EC0D0D985515}.Debug|Any CPU.ActiveCfg = Debug|Any CPU
		{9F483575-AFD9-4117-97C8-EC0D0D985515}.Debug|Any CPU.Build.0 = Debug|Any CPU
		{9F483575-AFD9-4117-97C8-EC0D0D985515}.Release|Any CPU.ActiveCfg = Release|Any CPU
		{9F483575-AFD9-4117-97C8-EC0D0D985515}.Release|Any CPU.Build.0 = Release|Any CPU
		{9F483575-AFD9-4117-97C8-EC0D0D985515}.ReleaseXBAP|Any CPU.ActiveCfg = Release|Any CPU
		{9F483575-AFD9-4117-97C8-EC0D0D985515}.ReleaseXBAP|Any CPU.Build.0 = Release|Any CPU
		{C4B442E3-5177-4E8C-8773-6EF1E6CB4040}.Debug|Any CPU.ActiveCfg = Debug|Any CPU
		{C4B442E3-5177-4E8C-8773-6EF1E6CB4040}.Debug|Any CPU.Build.0 = Debug|Any CPU
		{C4B442E3-5177-4E8C-8773-6EF1E6CB4040}.Release|Any CPU.ActiveCfg = Release|Any CPU
		{C4B442E3-5177-4E8C-8773-6EF1E6CB4040}.Release|Any CPU.Build.0 = Release|Any CPU
		{C4B442E3-5177-4E8C-8773-6EF1E6CB4040}.ReleaseXBAP|Any CPU.ActiveCfg = Release|Any CPU
		{C4B442E3-5177-4E8C-8773-6EF1E6CB4040}.ReleaseXBAP|Any CPU.Build.0 = Release|Any CPU
		{3768F4BF-70BC-4546-977D-AE9C2836AC5C}.Debug|Any CPU.ActiveCfg = Debug|Any CPU
		{3768F4BF-70BC-4546-977D-AE9C2836AC5C}.Debug|Any CPU.Build.0 = Debug|Any CPU
		{3768F4BF-70BC-4546-977D-AE9C2836AC5C}.Release|Any CPU.ActiveCfg = Release|Any CPU
		{3768F4BF-70BC-4546-977D-AE9C2836AC5C}.Release|Any CPU.Build.0 = Release|Any CPU
		{3768F4BF-70BC-4546-977D-AE9C2836AC5C}.ReleaseXBAP|Any CPU.ActiveCfg = Release|Any CPU
		{3768F4BF-70BC-4546-977D-AE9C2836AC5C}.ReleaseXBAP|Any CPU.Build.0 = Release|Any CPU
		{5AE6226E-6E30-45D2-B725-2A9532E6F2B1}.Debug|Any CPU.ActiveCfg = Debug|Any CPU
		{5AE6226E-6E30-45D2-B725-2A9532E6F2B1}.Debug|Any CPU.Build.0 = Debug|Any CPU
		{5AE6226E-6E30-45D2-B725-2A9532E6F2B1}.Release|Any CPU.ActiveCfg = Release|Any CPU
		{5AE6226E-6E30-45D2-B725-2A9532E6F2B1}.Release|Any CPU.Build.0 = Release|Any CPU
		{5AE6226E-6E30-45D2-B725-2A9532E6F2B1}.ReleaseXBAP|Any CPU.ActiveCfg = Release|Any CPU
		{5AE6226E-6E30-45D2-B725-2A9532E6F2B1}.ReleaseXBAP|Any CPU.Build.0 = Release|Any CPU
		{F9DDE729-A287-4839-85C1-C91BC7F0DC10}.Debug|Any CPU.ActiveCfg = Debug|Any CPU
		{F9DDE729-A287-4839-85C1-C91BC7F0DC10}.Debug|Any CPU.Build.0 = Debug|Any CPU
		{F9DDE729-A287-4839-85C1-C91BC7F0DC10}.Release|Any CPU.ActiveCfg = Release|Any CPU
		{F9DDE729-A287-4839-85C1-C91BC7F0DC10}.Release|Any CPU.Build.0 = Release|Any CPU
		{F9DDE729-A287-4839-85C1-C91BC7F0DC10}.ReleaseXBAP|Any CPU.ActiveCfg = Release|Any CPU
		{F9DDE729-A287-4839-85C1-C91BC7F0DC10}.ReleaseXBAP|Any CPU.Build.0 = Release|Any CPU
		{9AAA22ED-F264-4DCB-9BD0-01EBCF893134}.Debug|Any CPU.ActiveCfg = Debug|Any CPU
		{9AAA22ED-F264-4DCB-9BD0-01EBCF893134}.Debug|Any CPU.Build.0 = Debug|Any CPU
		{9AAA22ED-F264-4DCB-9BD0-01EBCF893134}.Release|Any CPU.ActiveCfg = Release|Any CPU
		{9AAA22ED-F264-4DCB-9BD0-01EBCF893134}.Release|Any CPU.Build.0 = Release|Any CPU
		{9AAA22ED-F264-4DCB-9BD0-01EBCF893134}.ReleaseXBAP|Any CPU.ActiveCfg = Release|Any CPU
		{9AAA22ED-F264-4DCB-9BD0-01EBCF893134}.ReleaseXBAP|Any CPU.Build.0 = Release|Any CPU
		{2FF5D25E-F937-49E6-A277-E89E3273FCCC}.Debug|Any CPU.ActiveCfg = Debug|Any CPU
		{2FF5D25E-F937-49E6-A277-E89E3273FCCC}.Debug|Any CPU.Build.0 = Debug|Any CPU
		{2FF5D25E-F937-49E6-A277-E89E3273FCCC}.Release|Any CPU.ActiveCfg = Release|Any CPU
		{2FF5D25E-F937-49E6-A277-E89E3273FCCC}.Release|Any CPU.Build.0 = Release|Any CPU
		{2FF5D25E-F937-49E6-A277-E89E3273FCCC}.ReleaseXBAP|Any CPU.ActiveCfg = Release|Any CPU
		{2FF5D25E-F937-49E6-A277-E89E3273FCCC}.ReleaseXBAP|Any CPU.Build.0 = Release|Any CPU
		{84FDB3DD-D5D0-4549-8800-32A7E6ECE297}.Debug|Any CPU.ActiveCfg = Debug|Any CPU
		{84FDB3DD-D5D0-4549-8800-32A7E6ECE297}.Debug|Any CPU.Build.0 = Debug|Any CPU
		{84FDB3DD-D5D0-4549-8800-32A7E6ECE297}.Release|Any CPU.ActiveCfg = Release|Any CPU
		{84FDB3DD-D5D0-4549-8800-32A7E6ECE297}.Release|Any CPU.Build.0 = Release|Any CPU
		{84FDB3DD-D5D0-4549-8800-32A7E6ECE297}.ReleaseXBAP|Any CPU.ActiveCfg = Release|Any CPU
		{84FDB3DD-D5D0-4549-8800-32A7E6ECE297}.ReleaseXBAP|Any CPU.Build.0 = Release|Any CPU
		{E7EB13C3-0461-46FF-8662-3E7FD87A45FF}.Debug|Any CPU.ActiveCfg = Debug|Any CPU
		{E7EB13C3-0461-46FF-8662-3E7FD87A45FF}.Debug|Any CPU.Build.0 = Debug|Any CPU
		{E7EB13C3-0461-46FF-8662-3E7FD87A45FF}.Release|Any CPU.ActiveCfg = Release|Any CPU
		{E7EB13C3-0461-46FF-8662-3E7FD87A45FF}.Release|Any CPU.Build.0 = Release|Any CPU
		{E7EB13C3-0461-46FF-8662-3E7FD87A45FF}.ReleaseXBAP|Any CPU.ActiveCfg = Release|Any CPU
		{E7EB13C3-0461-46FF-8662-3E7FD87A45FF}.ReleaseXBAP|Any CPU.Build.0 = Release|Any CPU
		{183FF18A-A7AA-4EEC-AE5D-DB40C995B679}.Debug|Any CPU.ActiveCfg = Debug|Any CPU
		{183FF18A-A7AA-4EEC-AE5D-DB40C995B679}.Debug|Any CPU.Build.0 = Debug|Any CPU
		{183FF18A-A7AA-4EEC-AE5D-DB40C995B679}.Release|Any CPU.ActiveCfg = Release|Any CPU
		{183FF18A-A7AA-4EEC-AE5D-DB40C995B679}.Release|Any CPU.Build.0 = Release|Any CPU
		{183FF18A-A7AA-4EEC-AE5D-DB40C995B679}.ReleaseXBAP|Any CPU.ActiveCfg = Release|Any CPU
		{183FF18A-A7AA-4EEC-AE5D-DB40C995B679}.ReleaseXBAP|Any CPU.Build.0 = Release|Any CPU
		{882154F7-123D-4298-8674-C8765B54CD6F}.Debug|Any CPU.ActiveCfg = Debug|Any CPU
		{882154F7-123D-4298-8674-C8765B54CD6F}.Debug|Any CPU.Build.0 = Debug|Any CPU
		{882154F7-123D-4298-8674-C8765B54CD6F}.Release|Any CPU.ActiveCfg = Release|Any CPU
		{882154F7-123D-4298-8674-C8765B54CD6F}.Release|Any CPU.Build.0 = Release|Any CPU
		{882154F7-123D-4298-8674-C8765B54CD6F}.ReleaseXBAP|Any CPU.ActiveCfg = Release|Any CPU
		{882154F7-123D-4298-8674-C8765B54CD6F}.ReleaseXBAP|Any CPU.Build.0 = Release|Any CPU
		{CFF04BCE-6478-4D45-B18C-92CACDFEF67A}.Debug|Any CPU.ActiveCfg = Debug|Any CPU
		{CFF04BCE-6478-4D45-B18C-92CACDFEF67A}.Debug|Any CPU.Build.0 = Debug|Any CPU
		{CFF04BCE-6478-4D45-B18C-92CACDFEF67A}.Release|Any CPU.ActiveCfg = Release|Any CPU
		{CFF04BCE-6478-4D45-B18C-92CACDFEF67A}.Release|Any CPU.Build.0 = Release|Any CPU
		{CFF04BCE-6478-4D45-B18C-92CACDFEF67A}.ReleaseXBAP|Any CPU.ActiveCfg = Release|Any CPU
		{CFF04BCE-6478-4D45-B18C-92CACDFEF67A}.ReleaseXBAP|Any CPU.Build.0 = Release|Any CPU
		{6ECB8214-4FC4-42D0-8BF4-287A6281A265}.Debug|Any CPU.ActiveCfg = Debug|Any CPU
		{6ECB8214-4FC4-42D0-8BF4-287A6281A265}.Debug|Any CPU.Build.0 = Debug|Any CPU
		{6ECB8214-4FC4-42D0-8BF4-287A6281A265}.Release|Any CPU.ActiveCfg = Release|Any CPU
		{6ECB8214-4FC4-42D0-8BF4-287A6281A265}.Release|Any CPU.Build.0 = Release|Any CPU
		{6ECB8214-4FC4-42D0-8BF4-287A6281A265}.ReleaseXBAP|Any CPU.ActiveCfg = Release|Any CPU
		{6ECB8214-4FC4-42D0-8BF4-287A6281A265}.ReleaseXBAP|Any CPU.Build.0 = Release|Any CPU
		{C16F049B-A571-4A97-B882-97419ADCDFB4}.Debug|Any CPU.ActiveCfg = Debug|Any CPU
		{C16F049B-A571-4A97-B882-97419ADCDFB4}.Debug|Any CPU.Build.0 = Debug|Any CPU
		{C16F049B-A571-4A97-B882-97419ADCDFB4}.Release|Any CPU.ActiveCfg = Release|Any CPU
		{C16F049B-A571-4A97-B882-97419ADCDFB4}.Release|Any CPU.Build.0 = Release|Any CPU
		{C16F049B-A571-4A97-B882-97419ADCDFB4}.ReleaseXBAP|Any CPU.ActiveCfg = Release|Any CPU
		{C16F049B-A571-4A97-B882-97419ADCDFB4}.ReleaseXBAP|Any CPU.Build.0 = Release|Any CPU
		{70371850-BDF7-46EE-9E3A-8B511F2ED3B9}.Debug|Any CPU.ActiveCfg = Debug|Any CPU
		{70371850-BDF7-46EE-9E3A-8B511F2ED3B9}.Debug|Any CPU.Build.0 = Debug|Any CPU
		{70371850-BDF7-46EE-9E3A-8B511F2ED3B9}.Release|Any CPU.ActiveCfg = Release|Any CPU
		{70371850-BDF7-46EE-9E3A-8B511F2ED3B9}.Release|Any CPU.Build.0 = Release|Any CPU
		{70371850-BDF7-46EE-9E3A-8B511F2ED3B9}.ReleaseXBAP|Any CPU.ActiveCfg = Release|Any CPU
		{70371850-BDF7-46EE-9E3A-8B511F2ED3B9}.ReleaseXBAP|Any CPU.Build.0 = Release|Any CPU
		{24C900A5-A6B9-437B-A72A-A746D2109FE3}.Debug|Any CPU.ActiveCfg = Debug|Any CPU
		{24C900A5-A6B9-437B-A72A-A746D2109FE3}.Debug|Any CPU.Build.0 = Debug|Any CPU
		{24C900A5-A6B9-437B-A72A-A746D2109FE3}.Release|Any CPU.ActiveCfg = Release|Any CPU
		{24C900A5-A6B9-437B-A72A-A746D2109FE3}.Release|Any CPU.Build.0 = Release|Any CPU
		{24C900A5-A6B9-437B-A72A-A746D2109FE3}.ReleaseXBAP|Any CPU.ActiveCfg = Release|Any CPU
		{24C900A5-A6B9-437B-A72A-A746D2109FE3}.ReleaseXBAP|Any CPU.Build.0 = Release|Any CPU
		{086E1633-6A1F-434B-AD39-59FEC1B7D0C7}.Debug|Any CPU.ActiveCfg = Debug|Any CPU
		{086E1633-6A1F-434B-AD39-59FEC1B7D0C7}.Debug|Any CPU.Build.0 = Debug|Any CPU
		{086E1633-6A1F-434B-AD39-59FEC1B7D0C7}.Release|Any CPU.ActiveCfg = Release|Any CPU
		{086E1633-6A1F-434B-AD39-59FEC1B7D0C7}.Release|Any CPU.Build.0 = Release|Any CPU
		{086E1633-6A1F-434B-AD39-59FEC1B7D0C7}.ReleaseXBAP|Any CPU.ActiveCfg = Release|Any CPU
		{086E1633-6A1F-434B-AD39-59FEC1B7D0C7}.ReleaseXBAP|Any CPU.Build.0 = Release|Any CPU
		{E66CC07D-6431-4F19-8CB5-3390A08704A6}.Debug|Any CPU.ActiveCfg = Debug|Any CPU
		{E66CC07D-6431-4F19-8CB5-3390A08704A6}.Debug|Any CPU.Build.0 = Debug|Any CPU
		{E66CC07D-6431-4F19-8CB5-3390A08704A6}.Release|Any CPU.ActiveCfg = Release|Any CPU
		{E66CC07D-6431-4F19-8CB5-3390A08704A6}.Release|Any CPU.Build.0 = Release|Any CPU
		{E66CC07D-6431-4F19-8CB5-3390A08704A6}.ReleaseXBAP|Any CPU.ActiveCfg = Release|Any CPU
		{E66CC07D-6431-4F19-8CB5-3390A08704A6}.ReleaseXBAP|Any CPU.Build.0 = Release|Any CPU
		{ED3C6998-3B7B-4F06-BC0F-F7922C31FFFB}.Debug|Any CPU.ActiveCfg = Debug|Any CPU
		{ED3C6998-3B7B-4F06-BC0F-F7922C31FFFB}.Debug|Any CPU.Build.0 = Debug|Any CPU
		{ED3C6998-3B7B-4F06-BC0F-F7922C31FFFB}.Release|Any CPU.ActiveCfg = Release|Any CPU
		{ED3C6998-3B7B-4F06-BC0F-F7922C31FFFB}.Release|Any CPU.Build.0 = Release|Any CPU
		{ED3C6998-3B7B-4F06-BC0F-F7922C31FFFB}.ReleaseXBAP|Any CPU.ActiveCfg = Release|Any CPU
		{ED3C6998-3B7B-4F06-BC0F-F7922C31FFFB}.ReleaseXBAP|Any CPU.Build.0 = Release|Any CPU
		{8EF8DC5A-6797-4E99-AE54-A59AEFEE6DF1}.Debug|Any CPU.ActiveCfg = Debug|Any CPU
		{8EF8DC5A-6797-4E99-AE54-A59AEFEE6DF1}.Debug|Any CPU.Build.0 = Debug|Any CPU
		{8EF8DC5A-6797-4E99-AE54-A59AEFEE6DF1}.Release|Any CPU.ActiveCfg = Release|Any CPU
		{8EF8DC5A-6797-4E99-AE54-A59AEFEE6DF1}.Release|Any CPU.Build.0 = Release|Any CPU
		{8EF8DC5A-6797-4E99-AE54-A59AEFEE6DF1}.ReleaseXBAP|Any CPU.ActiveCfg = Release|Any CPU
		{8EF8DC5A-6797-4E99-AE54-A59AEFEE6DF1}.ReleaseXBAP|Any CPU.Build.0 = Release|Any CPU
		{E2B19052-C76D-4B0A-B161-6602D714C7BC}.Debug|Any CPU.ActiveCfg = Debug|Any CPU
		{E2B19052-C76D-4B0A-B161-6602D714C7BC}.Debug|Any CPU.Build.0 = Debug|Any CPU
		{E2B19052-C76D-4B0A-B161-6602D714C7BC}.Release|Any CPU.ActiveCfg = Release|Any CPU
		{E2B19052-C76D-4B0A-B161-6602D714C7BC}.Release|Any CPU.Build.0 = Release|Any CPU
		{E2B19052-C76D-4B0A-B161-6602D714C7BC}.ReleaseXBAP|Any CPU.ActiveCfg = Release|Any CPU
		{E2B19052-C76D-4B0A-B161-6602D714C7BC}.ReleaseXBAP|Any CPU.Build.0 = Release|Any CPU
		{F456F8F6-82C9-40DC-A235-26AFB3DA3E71}.Debug|Any CPU.ActiveCfg = Debug|Any CPU
		{F456F8F6-82C9-40DC-A235-26AFB3DA3E71}.Debug|Any CPU.Build.0 = Debug|Any CPU
		{F456F8F6-82C9-40DC-A235-26AFB3DA3E71}.Release|Any CPU.ActiveCfg = Release|Any CPU
		{F456F8F6-82C9-40DC-A235-26AFB3DA3E71}.Release|Any CPU.Build.0 = Release|Any CPU
		{F456F8F6-82C9-40DC-A235-26AFB3DA3E71}.ReleaseXBAP|Any CPU.ActiveCfg = Release|Any CPU
		{F456F8F6-82C9-40DC-A235-26AFB3DA3E71}.ReleaseXBAP|Any CPU.Build.0 = Release|Any CPU
		{7C541937-2B1B-47E9-A397-65489B9E670C}.Debug|Any CPU.ActiveCfg = Debug|Any CPU
		{7C541937-2B1B-47E9-A397-65489B9E670C}.Debug|Any CPU.Build.0 = Debug|Any CPU
		{7C541937-2B1B-47E9-A397-65489B9E670C}.Release|Any CPU.ActiveCfg = Release|Any CPU
		{7C541937-2B1B-47E9-A397-65489B9E670C}.Release|Any CPU.Build.0 = Release|Any CPU
		{7C541937-2B1B-47E9-A397-65489B9E670C}.ReleaseXBAP|Any CPU.ActiveCfg = Release|Any CPU
		{7C541937-2B1B-47E9-A397-65489B9E670C}.ReleaseXBAP|Any CPU.Build.0 = Release|Any CPU
		{2E4D5900-49A7-4809-B410-968EADD89FB7}.Debug|Any CPU.ActiveCfg = Debug|Any CPU
		{2E4D5900-49A7-4809-B410-968EADD89FB7}.Debug|Any CPU.Build.0 = Debug|Any CPU
		{2E4D5900-49A7-4809-B410-968EADD89FB7}.Release|Any CPU.ActiveCfg = Release|Any CPU
		{2E4D5900-49A7-4809-B410-968EADD89FB7}.Release|Any CPU.Build.0 = Release|Any CPU
		{2E4D5900-49A7-4809-B410-968EADD89FB7}.ReleaseXBAP|Any CPU.ActiveCfg = Release|Any CPU
		{2E4D5900-49A7-4809-B410-968EADD89FB7}.ReleaseXBAP|Any CPU.Build.0 = Release|Any CPU
		{F1821C06-EB64-4B85-BB27-793CC7ED3527}.Debug|Any CPU.ActiveCfg = Debug|Any CPU
		{F1821C06-EB64-4B85-BB27-793CC7ED3527}.Debug|Any CPU.Build.0 = Debug|Any CPU
		{F1821C06-EB64-4B85-BB27-793CC7ED3527}.Release|Any CPU.ActiveCfg = Release|Any CPU
		{F1821C06-EB64-4B85-BB27-793CC7ED3527}.Release|Any CPU.Build.0 = Release|Any CPU
		{F1821C06-EB64-4B85-BB27-793CC7ED3527}.ReleaseXBAP|Any CPU.ActiveCfg = Release|Any CPU
		{F1821C06-EB64-4B85-BB27-793CC7ED3527}.ReleaseXBAP|Any CPU.Build.0 = Release|Any CPU
		{2926E63D-EF84-424C-B800-E2D130D5E2F0}.Debug|Any CPU.ActiveCfg = Debug|Any CPU
		{2926E63D-EF84-424C-B800-E2D130D5E2F0}.Debug|Any CPU.Build.0 = Debug|Any CPU
		{2926E63D-EF84-424C-B800-E2D130D5E2F0}.Release|Any CPU.ActiveCfg = Release|Any CPU
		{2926E63D-EF84-424C-B800-E2D130D5E2F0}.Release|Any CPU.Build.0 = Release|Any CPU
		{2926E63D-EF84-424C-B800-E2D130D5E2F0}.ReleaseXBAP|Any CPU.ActiveCfg = Release|Any CPU
		{2926E63D-EF84-424C-B800-E2D130D5E2F0}.ReleaseXBAP|Any CPU.Build.0 = Release|Any CPU
		{E61EA72C-C18C-4EAF-9CB5-BEA1752E4EB0}.Debug|Any CPU.ActiveCfg = Debug|Any CPU
		{E61EA72C-C18C-4EAF-9CB5-BEA1752E4EB0}.Debug|Any CPU.Build.0 = Debug|Any CPU
		{E61EA72C-C18C-4EAF-9CB5-BEA1752E4EB0}.Release|Any CPU.ActiveCfg = Release|Any CPU
		{E61EA72C-C18C-4EAF-9CB5-BEA1752E4EB0}.Release|Any CPU.Build.0 = Release|Any CPU
		{E61EA72C-C18C-4EAF-9CB5-BEA1752E4EB0}.ReleaseXBAP|Any CPU.ActiveCfg = Release|Any CPU
		{E61EA72C-C18C-4EAF-9CB5-BEA1752E4EB0}.ReleaseXBAP|Any CPU.Build.0 = Release|Any CPU
		{C7029588-EB97-432D-BEA9-96C41975DB04}.Debug|Any CPU.ActiveCfg = Debug|Any CPU
		{C7029588-EB97-432D-BEA9-96C41975DB04}.Debug|Any CPU.Build.0 = Debug|Any CPU
		{C7029588-EB97-432D-BEA9-96C41975DB04}.Release|Any CPU.ActiveCfg = Release|Any CPU
		{C7029588-EB97-432D-BEA9-96C41975DB04}.Release|Any CPU.Build.0 = Release|Any CPU
		{C7029588-EB97-432D-BEA9-96C41975DB04}.ReleaseXBAP|Any CPU.ActiveCfg = Release|Any CPU
		{C7029588-EB97-432D-BEA9-96C41975DB04}.ReleaseXBAP|Any CPU.Build.0 = Release|Any CPU
		{5A8DD8CA-1E0A-4056-8290-F25F0CC7F3FC}.Debug|Any CPU.ActiveCfg = Debug|Any CPU
		{5A8DD8CA-1E0A-4056-8290-F25F0CC7F3FC}.Debug|Any CPU.Build.0 = Debug|Any CPU
		{5A8DD8CA-1E0A-4056-8290-F25F0CC7F3FC}.Release|Any CPU.ActiveCfg = Release|Any CPU
		{5A8DD8CA-1E0A-4056-8290-F25F0CC7F3FC}.Release|Any CPU.Build.0 = Release|Any CPU
		{5A8DD8CA-1E0A-4056-8290-F25F0CC7F3FC}.ReleaseXBAP|Any CPU.ActiveCfg = Release|Any CPU
		{5A8DD8CA-1E0A-4056-8290-F25F0CC7F3FC}.ReleaseXBAP|Any CPU.Build.0 = Release|Any CPU
		{84530704-D329-4C75-B6A7-794B0DC3BD64}.Debug|Any CPU.ActiveCfg = Debug|Any CPU
		{84530704-D329-4C75-B6A7-794B0DC3BD64}.Debug|Any CPU.Build.0 = Debug|Any CPU
		{84530704-D329-4C75-B6A7-794B0DC3BD64}.Release|Any CPU.ActiveCfg = Release|Any CPU
		{84530704-D329-4C75-B6A7-794B0DC3BD64}.Release|Any CPU.Build.0 = Release|Any CPU
		{84530704-D329-4C75-B6A7-794B0DC3BD64}.ReleaseXBAP|Any CPU.ActiveCfg = Release|Any CPU
		{84530704-D329-4C75-B6A7-794B0DC3BD64}.ReleaseXBAP|Any CPU.Build.0 = Release|Any CPU
		{797A986A-9E10-4C84-B956-71FE44BE6E5B}.Debug|Any CPU.ActiveCfg = Debug|Any CPU
		{797A986A-9E10-4C84-B956-71FE44BE6E5B}.Debug|Any CPU.Build.0 = Debug|Any CPU
		{797A986A-9E10-4C84-B956-71FE44BE6E5B}.Release|Any CPU.ActiveCfg = Release|Any CPU
		{797A986A-9E10-4C84-B956-71FE44BE6E5B}.Release|Any CPU.Build.0 = Release|Any CPU
		{797A986A-9E10-4C84-B956-71FE44BE6E5B}.ReleaseXBAP|Any CPU.ActiveCfg = Release|Any CPU
		{797A986A-9E10-4C84-B956-71FE44BE6E5B}.ReleaseXBAP|Any CPU.Build.0 = Release|Any CPU
		{2F372E03-81E2-4A1C-B713-4414C208428C}.Debug|Any CPU.ActiveCfg = Debug|Any CPU
		{2F372E03-81E2-4A1C-B713-4414C208428C}.Debug|Any CPU.Build.0 = Debug|Any CPU
		{2F372E03-81E2-4A1C-B713-4414C208428C}.Release|Any CPU.ActiveCfg = Release|Any CPU
		{2F372E03-81E2-4A1C-B713-4414C208428C}.Release|Any CPU.Build.0 = Release|Any CPU
		{2F372E03-81E2-4A1C-B713-4414C208428C}.ReleaseXBAP|Any CPU.ActiveCfg = Release|Any CPU
		{2F372E03-81E2-4A1C-B713-4414C208428C}.ReleaseXBAP|Any CPU.Build.0 = Release|Any CPU
		{8104B375-3ABB-4A7A-B658-2FBD2E693402}.Debug|Any CPU.ActiveCfg = Debug|Any CPU
		{8104B375-3ABB-4A7A-B658-2FBD2E693402}.Debug|Any CPU.Build.0 = Debug|Any CPU
		{8104B375-3ABB-4A7A-B658-2FBD2E693402}.Release|Any CPU.ActiveCfg = Release|Any CPU
		{8104B375-3ABB-4A7A-B658-2FBD2E693402}.Release|Any CPU.Build.0 = Release|Any CPU
		{8104B375-3ABB-4A7A-B658-2FBD2E693402}.ReleaseXBAP|Any CPU.ActiveCfg = Release|Any CPU
		{8104B375-3ABB-4A7A-B658-2FBD2E693402}.ReleaseXBAP|Any CPU.Build.0 = Release|Any CPU
		{C44EDB8F-7A06-4D2A-90FC-D8C2B5D36387}.Debug|Any CPU.ActiveCfg = Debug|Any CPU
		{C44EDB8F-7A06-4D2A-90FC-D8C2B5D36387}.Debug|Any CPU.Build.0 = Debug|Any CPU
		{C44EDB8F-7A06-4D2A-90FC-D8C2B5D36387}.Release|Any CPU.ActiveCfg = Release|Any CPU
		{C44EDB8F-7A06-4D2A-90FC-D8C2B5D36387}.Release|Any CPU.Build.0 = Release|Any CPU
		{C44EDB8F-7A06-4D2A-90FC-D8C2B5D36387}.ReleaseXBAP|Any CPU.ActiveCfg = Release|Any CPU
		{C44EDB8F-7A06-4D2A-90FC-D8C2B5D36387}.ReleaseXBAP|Any CPU.Build.0 = Release|Any CPU
		{125F8E44-071A-494D-97B4-4E6E9603171B}.Debug|Any CPU.ActiveCfg = Debug|Any CPU
		{125F8E44-071A-494D-97B4-4E6E9603171B}.Debug|Any CPU.Build.0 = Debug|Any CPU
		{125F8E44-071A-494D-97B4-4E6E9603171B}.Release|Any CPU.ActiveCfg = Release|Any CPU
		{125F8E44-071A-494D-97B4-4E6E9603171B}.Release|Any CPU.Build.0 = Release|Any CPU
		{125F8E44-071A-494D-97B4-4E6E9603171B}.ReleaseXBAP|Any CPU.ActiveCfg = Release|Any CPU
		{125F8E44-071A-494D-97B4-4E6E9603171B}.ReleaseXBAP|Any CPU.Build.0 = Release|Any CPU
		{48E505BB-F018-4D44-8AA8-8A7DD6BBC543}.Debug|Any CPU.ActiveCfg = Debug|Any CPU
		{48E505BB-F018-4D44-8AA8-8A7DD6BBC543}.Debug|Any CPU.Build.0 = Debug|Any CPU
		{48E505BB-F018-4D44-8AA8-8A7DD6BBC543}.Release|Any CPU.ActiveCfg = Release|Any CPU
		{48E505BB-F018-4D44-8AA8-8A7DD6BBC543}.Release|Any CPU.Build.0 = Release|Any CPU
		{48E505BB-F018-4D44-8AA8-8A7DD6BBC543}.ReleaseXBAP|Any CPU.ActiveCfg = Release|Any CPU
		{48E505BB-F018-4D44-8AA8-8A7DD6BBC543}.ReleaseXBAP|Any CPU.Build.0 = Release|Any CPU
		{303B79DE-E734-4BBB-B002-75E349A81DC6}.Debug|Any CPU.ActiveCfg = Debug|Any CPU
		{303B79DE-E734-4BBB-B002-75E349A81DC6}.Debug|Any CPU.Build.0 = Debug|Any CPU
		{303B79DE-E734-4BBB-B002-75E349A81DC6}.Release|Any CPU.ActiveCfg = Release|Any CPU
		{303B79DE-E734-4BBB-B002-75E349A81DC6}.Release|Any CPU.Build.0 = Release|Any CPU
		{303B79DE-E734-4BBB-B002-75E349A81DC6}.ReleaseXBAP|Any CPU.ActiveCfg = Release|Any CPU
		{303B79DE-E734-4BBB-B002-75E349A81DC6}.ReleaseXBAP|Any CPU.Build.0 = Release|Any CPU
		{FBB09044-FEAC-4D57-AF3A-3A8F0C649691}.Debug|Any CPU.ActiveCfg = Debug|Any CPU
		{FBB09044-FEAC-4D57-AF3A-3A8F0C649691}.Debug|Any CPU.Build.0 = Debug|Any CPU
		{FBB09044-FEAC-4D57-AF3A-3A8F0C649691}.Release|Any CPU.ActiveCfg = Release|Any CPU
		{FBB09044-FEAC-4D57-AF3A-3A8F0C649691}.Release|Any CPU.Build.0 = Release|Any CPU
		{FBB09044-FEAC-4D57-AF3A-3A8F0C649691}.ReleaseXBAP|Any CPU.ActiveCfg = Release|Any CPU
		{FBB09044-FEAC-4D57-AF3A-3A8F0C649691}.ReleaseXBAP|Any CPU.Build.0 = Release|Any CPU
		{2BF6F548-20BF-42C0-A526-6737730D848E}.Debug|Any CPU.ActiveCfg = Debug|Any CPU
		{2BF6F548-20BF-42C0-A526-6737730D848E}.Debug|Any CPU.Build.0 = Debug|Any CPU
		{2BF6F548-20BF-42C0-A526-6737730D848E}.Release|Any CPU.ActiveCfg = Release|Any CPU
		{2BF6F548-20BF-42C0-A526-6737730D848E}.Release|Any CPU.Build.0 = Release|Any CPU
		{2BF6F548-20BF-42C0-A526-6737730D848E}.ReleaseXBAP|Any CPU.ActiveCfg = Release|Any CPU
		{2BF6F548-20BF-42C0-A526-6737730D848E}.ReleaseXBAP|Any CPU.Build.0 = Release|Any CPU
		{2C07486A-D705-48C6-AEBD-928DA28AB84B}.Debug|Any CPU.ActiveCfg = Debug|Any CPU
		{2C07486A-D705-48C6-AEBD-928DA28AB84B}.Debug|Any CPU.Build.0 = Debug|Any CPU
		{2C07486A-D705-48C6-AEBD-928DA28AB84B}.Release|Any CPU.ActiveCfg = Release|Any CPU
		{2C07486A-D705-48C6-AEBD-928DA28AB84B}.Release|Any CPU.Build.0 = Release|Any CPU
		{2C07486A-D705-48C6-AEBD-928DA28AB84B}.ReleaseXBAP|Any CPU.ActiveCfg = Release|Any CPU
		{2C07486A-D705-48C6-AEBD-928DA28AB84B}.ReleaseXBAP|Any CPU.Build.0 = Release|Any CPU
		{E8C46F6B-A22D-4FFB-80C4-75EF0FFD72F3}.Debug|Any CPU.ActiveCfg = Debug|Any CPU
		{E8C46F6B-A22D-4FFB-80C4-75EF0FFD72F3}.Debug|Any CPU.Build.0 = Debug|Any CPU
		{E8C46F6B-A22D-4FFB-80C4-75EF0FFD72F3}.Release|Any CPU.ActiveCfg = Release|Any CPU
		{E8C46F6B-A22D-4FFB-80C4-75EF0FFD72F3}.Release|Any CPU.Build.0 = Release|Any CPU
		{E8C46F6B-A22D-4FFB-80C4-75EF0FFD72F3}.ReleaseXBAP|Any CPU.ActiveCfg = Release|Any CPU
		{E8C46F6B-A22D-4FFB-80C4-75EF0FFD72F3}.ReleaseXBAP|Any CPU.Build.0 = Release|Any CPU
		{8239C700-33E9-4844-AB52-4AD4D0ED118E}.Debug|Any CPU.ActiveCfg = Debug|Any CPU
		{8239C700-33E9-4844-AB52-4AD4D0ED118E}.Debug|Any CPU.Build.0 = Debug|Any CPU
		{8239C700-33E9-4844-AB52-4AD4D0ED118E}.Release|Any CPU.ActiveCfg = Release|Any CPU
		{8239C700-33E9-4844-AB52-4AD4D0ED118E}.Release|Any CPU.Build.0 = Release|Any CPU
		{8239C700-33E9-4844-AB52-4AD4D0ED118E}.ReleaseXBAP|Any CPU.ActiveCfg = Release|Any CPU
		{8239C700-33E9-4844-AB52-4AD4D0ED118E}.ReleaseXBAP|Any CPU.Build.0 = Release|Any CPU
		{E6B4E63E-276E-4D9B-8F51-4ED7256B9225}.Debug|Any CPU.ActiveCfg = Debug|Any CPU
		{E6B4E63E-276E-4D9B-8F51-4ED7256B9225}.Debug|Any CPU.Build.0 = Debug|Any CPU
		{E6B4E63E-276E-4D9B-8F51-4ED7256B9225}.Release|Any CPU.ActiveCfg = Release|Any CPU
		{E6B4E63E-276E-4D9B-8F51-4ED7256B9225}.Release|Any CPU.Build.0 = Release|Any CPU
		{E6B4E63E-276E-4D9B-8F51-4ED7256B9225}.ReleaseXBAP|Any CPU.ActiveCfg = Release|Any CPU
		{E6B4E63E-276E-4D9B-8F51-4ED7256B9225}.ReleaseXBAP|Any CPU.Build.0 = Release|Any CPU
		{2AFC75B5-9457-45A4-BCC8-9B920083341F}.Debug|Any CPU.ActiveCfg = Debug|Any CPU
		{2AFC75B5-9457-45A4-BCC8-9B920083341F}.Debug|Any CPU.Build.0 = Debug|Any CPU
		{2AFC75B5-9457-45A4-BCC8-9B920083341F}.Release|Any CPU.ActiveCfg = Release|Any CPU
		{2AFC75B5-9457-45A4-BCC8-9B920083341F}.Release|Any CPU.Build.0 = Release|Any CPU
		{2AFC75B5-9457-45A4-BCC8-9B920083341F}.ReleaseXBAP|Any CPU.ActiveCfg = Release|Any CPU
		{2AFC75B5-9457-45A4-BCC8-9B920083341F}.ReleaseXBAP|Any CPU.Build.0 = Release|Any CPU
		{D2BED244-4BEC-4509-8AF8-9AD28FD46E6C}.Debug|Any CPU.ActiveCfg = Debug|Any CPU
		{D2BED244-4BEC-4509-8AF8-9AD28FD46E6C}.Debug|Any CPU.Build.0 = Debug|Any CPU
		{D2BED244-4BEC-4509-8AF8-9AD28FD46E6C}.Release|Any CPU.ActiveCfg = Release|Any CPU
		{D2BED244-4BEC-4509-8AF8-9AD28FD46E6C}.Release|Any CPU.Build.0 = Release|Any CPU
		{D2BED244-4BEC-4509-8AF8-9AD28FD46E6C}.ReleaseXBAP|Any CPU.ActiveCfg = Release|Any CPU
		{D2BED244-4BEC-4509-8AF8-9AD28FD46E6C}.ReleaseXBAP|Any CPU.Build.0 = Release|Any CPU
		{C921DAE1-BE88-42BB-BDEB-1D8B24ADE885}.Debug|Any CPU.ActiveCfg = Debug|Any CPU
		{C921DAE1-BE88-42BB-BDEB-1D8B24ADE885}.Debug|Any CPU.Build.0 = Debug|Any CPU
		{C921DAE1-BE88-42BB-BDEB-1D8B24ADE885}.Release|Any CPU.ActiveCfg = Release|Any CPU
		{C921DAE1-BE88-42BB-BDEB-1D8B24ADE885}.Release|Any CPU.Build.0 = Release|Any CPU
		{C921DAE1-BE88-42BB-BDEB-1D8B24ADE885}.ReleaseXBAP|Any CPU.ActiveCfg = Release|Any CPU
		{C921DAE1-BE88-42BB-BDEB-1D8B24ADE885}.ReleaseXBAP|Any CPU.Build.0 = Release|Any CPU
		{034D71DF-240C-4212-ABD0-6954F66BC230}.Debug|Any CPU.ActiveCfg = Debug|Any CPU
		{034D71DF-240C-4212-ABD0-6954F66BC230}.Debug|Any CPU.Build.0 = Debug|Any CPU
		{034D71DF-240C-4212-ABD0-6954F66BC230}.Release|Any CPU.ActiveCfg = Release|Any CPU
		{034D71DF-240C-4212-ABD0-6954F66BC230}.Release|Any CPU.Build.0 = Release|Any CPU
		{034D71DF-240C-4212-ABD0-6954F66BC230}.ReleaseXBAP|Any CPU.ActiveCfg = Release|Any CPU
		{034D71DF-240C-4212-ABD0-6954F66BC230}.ReleaseXBAP|Any CPU.Build.0 = Release|Any CPU
		{652E432A-E6F0-4026-81F2-CDCA1E70B360}.Debug|Any CPU.ActiveCfg = Debug|Any CPU
		{652E432A-E6F0-4026-81F2-CDCA1E70B360}.Debug|Any CPU.Build.0 = Debug|Any CPU
		{652E432A-E6F0-4026-81F2-CDCA1E70B360}.Release|Any CPU.ActiveCfg = Release|Any CPU
		{652E432A-E6F0-4026-81F2-CDCA1E70B360}.Release|Any CPU.Build.0 = Release|Any CPU
		{652E432A-E6F0-4026-81F2-CDCA1E70B360}.ReleaseXBAP|Any CPU.ActiveCfg = Release|Any CPU
		{652E432A-E6F0-4026-81F2-CDCA1E70B360}.ReleaseXBAP|Any CPU.Build.0 = Release|Any CPU
		{51311F74-9256-43B7-A0DE-B7A1B03F3863}.Debug|Any CPU.ActiveCfg = Debug|Any CPU
		{51311F74-9256-43B7-A0DE-B7A1B03F3863}.Debug|Any CPU.Build.0 = Debug|Any CPU
		{51311F74-9256-43B7-A0DE-B7A1B03F3863}.Release|Any CPU.ActiveCfg = Release|Any CPU
		{51311F74-9256-43B7-A0DE-B7A1B03F3863}.Release|Any CPU.Build.0 = Release|Any CPU
		{51311F74-9256-43B7-A0DE-B7A1B03F3863}.ReleaseXBAP|Any CPU.ActiveCfg = Release|Any CPU
		{51311F74-9256-43B7-A0DE-B7A1B03F3863}.ReleaseXBAP|Any CPU.Build.0 = Release|Any CPU
		{760DE53F-BB27-4267-BB94-7354CC71FBE2}.Debug|Any CPU.ActiveCfg = Debug|Any CPU
		{760DE53F-BB27-4267-BB94-7354CC71FBE2}.Debug|Any CPU.Build.0 = Debug|Any CPU
		{760DE53F-BB27-4267-BB94-7354CC71FBE2}.Release|Any CPU.ActiveCfg = Release|Any CPU
		{760DE53F-BB27-4267-BB94-7354CC71FBE2}.Release|Any CPU.Build.0 = Release|Any CPU
		{760DE53F-BB27-4267-BB94-7354CC71FBE2}.ReleaseXBAP|Any CPU.ActiveCfg = Release|Any CPU
		{760DE53F-BB27-4267-BB94-7354CC71FBE2}.ReleaseXBAP|Any CPU.Build.0 = Release|Any CPU
		{ECD37682-DF7E-409F-912D-0965634556B5}.Debug|Any CPU.ActiveCfg = Debug|Any CPU
		{ECD37682-DF7E-409F-912D-0965634556B5}.Debug|Any CPU.Build.0 = Debug|Any CPU
		{ECD37682-DF7E-409F-912D-0965634556B5}.Release|Any CPU.ActiveCfg = Release|Any CPU
		{ECD37682-DF7E-409F-912D-0965634556B5}.Release|Any CPU.Build.0 = Release|Any CPU
		{ECD37682-DF7E-409F-912D-0965634556B5}.ReleaseXBAP|Any CPU.ActiveCfg = ReleaseXBAP|Any CPU
		{ECD37682-DF7E-409F-912D-0965634556B5}.ReleaseXBAP|Any CPU.Build.0 = ReleaseXBAP|Any CPU
		{47A97DD3-80C2-43DE-88B0-DDEC02CEF5C7}.Debug|Any CPU.ActiveCfg = Debug|Any CPU
		{47A97DD3-80C2-43DE-88B0-DDEC02CEF5C7}.Debug|Any CPU.Build.0 = Debug|Any CPU
		{47A97DD3-80C2-43DE-88B0-DDEC02CEF5C7}.Release|Any CPU.ActiveCfg = Release|Any CPU
		{47A97DD3-80C2-43DE-88B0-DDEC02CEF5C7}.Release|Any CPU.Build.0 = Release|Any CPU
		{47A97DD3-80C2-43DE-88B0-DDEC02CEF5C7}.ReleaseXBAP|Any CPU.ActiveCfg = Release|Any CPU
		{47A97DD3-80C2-43DE-88B0-DDEC02CEF5C7}.ReleaseXBAP|Any CPU.Build.0 = Release|Any CPU
		{375348F0-4D73-4F8C-B277-5BBDE1530C12}.Debug|Any CPU.ActiveCfg = Debug|Any CPU
		{375348F0-4D73-4F8C-B277-5BBDE1530C12}.Debug|Any CPU.Build.0 = Debug|Any CPU
		{375348F0-4D73-4F8C-B277-5BBDE1530C12}.Release|Any CPU.ActiveCfg = Release|Any CPU
		{375348F0-4D73-4F8C-B277-5BBDE1530C12}.Release|Any CPU.Build.0 = Release|Any CPU
		{375348F0-4D73-4F8C-B277-5BBDE1530C12}.ReleaseXBAP|Any CPU.ActiveCfg = Release|Any CPU
		{375348F0-4D73-4F8C-B277-5BBDE1530C12}.ReleaseXBAP|Any CPU.Build.0 = Release|Any CPU
		{70AAFE0D-15A7-4E86-80DF-8B014FA7A763}.Debug|Any CPU.ActiveCfg = Debug|Any CPU
		{70AAFE0D-15A7-4E86-80DF-8B014FA7A763}.Debug|Any CPU.Build.0 = Debug|Any CPU
		{70AAFE0D-15A7-4E86-80DF-8B014FA7A763}.Release|Any CPU.ActiveCfg = Release|Any CPU
		{70AAFE0D-15A7-4E86-80DF-8B014FA7A763}.Release|Any CPU.Build.0 = Release|Any CPU
		{70AAFE0D-15A7-4E86-80DF-8B014FA7A763}.ReleaseXBAP|Any CPU.ActiveCfg = Release|Any CPU
		{70AAFE0D-15A7-4E86-80DF-8B014FA7A763}.ReleaseXBAP|Any CPU.Build.0 = Release|Any CPU
		{E189EAA3-B4AC-431D-AEBF-60CFACC8B3CC}.Debug|Any CPU.ActiveCfg = Debug|Any CPU
		{E189EAA3-B4AC-431D-AEBF-60CFACC8B3CC}.Debug|Any CPU.Build.0 = Debug|Any CPU
		{E189EAA3-B4AC-431D-AEBF-60CFACC8B3CC}.Release|Any CPU.ActiveCfg = Release|Any CPU
		{E189EAA3-B4AC-431D-AEBF-60CFACC8B3CC}.Release|Any CPU.Build.0 = Release|Any CPU
		{E189EAA3-B4AC-431D-AEBF-60CFACC8B3CC}.ReleaseXBAP|Any CPU.ActiveCfg = Release|Any CPU
		{E189EAA3-B4AC-431D-AEBF-60CFACC8B3CC}.ReleaseXBAP|Any CPU.Build.0 = Release|Any CPU
		{7EA3964D-034B-4494-97D9-B5471C1DECFC}.Debug|Any CPU.ActiveCfg = Debug|Any CPU
		{7EA3964D-034B-4494-97D9-B5471C1DECFC}.Debug|Any CPU.Build.0 = Debug|Any CPU
		{7EA3964D-034B-4494-97D9-B5471C1DECFC}.Release|Any CPU.ActiveCfg = Release|Any CPU
		{7EA3964D-034B-4494-97D9-B5471C1DECFC}.Release|Any CPU.Build.0 = Release|Any CPU
		{7EA3964D-034B-4494-97D9-B5471C1DECFC}.ReleaseXBAP|Any CPU.ActiveCfg = Release|Any CPU
		{7EA3964D-034B-4494-97D9-B5471C1DECFC}.ReleaseXBAP|Any CPU.Build.0 = Release|Any CPU
		{66A29314-25EA-4CBB-84B7-75906BFA59E2}.Debug|Any CPU.ActiveCfg = Debug|Any CPU
		{66A29314-25EA-4CBB-84B7-75906BFA59E2}.Debug|Any CPU.Build.0 = Debug|Any CPU
		{66A29314-25EA-4CBB-84B7-75906BFA59E2}.Release|Any CPU.ActiveCfg = Release|Any CPU
		{66A29314-25EA-4CBB-84B7-75906BFA59E2}.Release|Any CPU.Build.0 = Release|Any CPU
		{66A29314-25EA-4CBB-84B7-75906BFA59E2}.ReleaseXBAP|Any CPU.ActiveCfg = Release|Any CPU
		{66A29314-25EA-4CBB-84B7-75906BFA59E2}.ReleaseXBAP|Any CPU.Build.0 = Release|Any CPU
		{AF6A92D9-FE21-4C8D-AF98-5A707E6E8E33}.Debug|Any CPU.ActiveCfg = Debug|Any CPU
		{AF6A92D9-FE21-4C8D-AF98-5A707E6E8E33}.Debug|Any CPU.Build.0 = Debug|Any CPU
		{AF6A92D9-FE21-4C8D-AF98-5A707E6E8E33}.Release|Any CPU.ActiveCfg = Release|Any CPU
		{AF6A92D9-FE21-4C8D-AF98-5A707E6E8E33}.Release|Any CPU.Build.0 = Release|Any CPU
		{AF6A92D9-FE21-4C8D-AF98-5A707E6E8E33}.ReleaseXBAP|Any CPU.ActiveCfg = Release|Any CPU
		{AF6A92D9-FE21-4C8D-AF98-5A707E6E8E33}.ReleaseXBAP|Any CPU.Build.0 = Release|Any CPU
		{E4445CE2-DB82-4FF0-A8B1-0BB3855A8399}.Debug|Any CPU.ActiveCfg = Debug|Any CPU
		{E4445CE2-DB82-4FF0-A8B1-0BB3855A8399}.Debug|Any CPU.Build.0 = Debug|Any CPU
		{E4445CE2-DB82-4FF0-A8B1-0BB3855A8399}.Release|Any CPU.ActiveCfg = Release|Any CPU
		{E4445CE2-DB82-4FF0-A8B1-0BB3855A8399}.Release|Any CPU.Build.0 = Release|Any CPU
		{E4445CE2-DB82-4FF0-A8B1-0BB3855A8399}.ReleaseXBAP|Any CPU.ActiveCfg = Release|Any CPU
		{E4445CE2-DB82-4FF0-A8B1-0BB3855A8399}.ReleaseXBAP|Any CPU.Build.0 = Release|Any CPU
		{7ABA8BCD-8AD2-4229-8F9B-439B010837C8}.Debug|Any CPU.ActiveCfg = Debug|Any CPU
		{7ABA8BCD-8AD2-4229-8F9B-439B010837C8}.Debug|Any CPU.Build.0 = Debug|Any CPU
		{7ABA8BCD-8AD2-4229-8F9B-439B010837C8}.Release|Any CPU.ActiveCfg = Release|Any CPU
		{7ABA8BCD-8AD2-4229-8F9B-439B010837C8}.Release|Any CPU.Build.0 = Release|Any CPU
		{7ABA8BCD-8AD2-4229-8F9B-439B010837C8}.ReleaseXBAP|Any CPU.ActiveCfg = Release|Any CPU
		{7ABA8BCD-8AD2-4229-8F9B-439B010837C8}.ReleaseXBAP|Any CPU.Build.0 = Release|Any CPU
		{8823564A-4EAC-41F3-B22B-A47BFEF05187}.Debug|Any CPU.ActiveCfg = Debug|Any CPU
		{8823564A-4EAC-41F3-B22B-A47BFEF05187}.Debug|Any CPU.Build.0 = Debug|Any CPU
		{8823564A-4EAC-41F3-B22B-A47BFEF05187}.Release|Any CPU.ActiveCfg = Release|Any CPU
		{8823564A-4EAC-41F3-B22B-A47BFEF05187}.Release|Any CPU.Build.0 = Release|Any CPU
		{8823564A-4EAC-41F3-B22B-A47BFEF05187}.ReleaseXBAP|Any CPU.ActiveCfg = Release|Any CPU
		{8823564A-4EAC-41F3-B22B-A47BFEF05187}.ReleaseXBAP|Any CPU.Build.0 = Release|Any CPU
		{D73BC3A5-3013-4C6E-AF80-F6282262C17E}.Debug|Any CPU.ActiveCfg = Debug|Any CPU
		{D73BC3A5-3013-4C6E-AF80-F6282262C17E}.Debug|Any CPU.Build.0 = Debug|Any CPU
		{D73BC3A5-3013-4C6E-AF80-F6282262C17E}.Release|Any CPU.ActiveCfg = Release|Any CPU
		{D73BC3A5-3013-4C6E-AF80-F6282262C17E}.Release|Any CPU.Build.0 = Release|Any CPU
		{D73BC3A5-3013-4C6E-AF80-F6282262C17E}.ReleaseXBAP|Any CPU.ActiveCfg = Release|Any CPU
		{D73BC3A5-3013-4C6E-AF80-F6282262C17E}.ReleaseXBAP|Any CPU.Build.0 = Release|Any CPU
		{5743D514-0FA3-4FB1-9BF5-0F31016E1A11}.Debug|Any CPU.ActiveCfg = Debug|Any CPU
		{5743D514-0FA3-4FB1-9BF5-0F31016E1A11}.Debug|Any CPU.Build.0 = Debug|Any CPU
		{5743D514-0FA3-4FB1-9BF5-0F31016E1A11}.Release|Any CPU.ActiveCfg = Release|Any CPU
		{5743D514-0FA3-4FB1-9BF5-0F31016E1A11}.Release|Any CPU.Build.0 = Release|Any CPU
		{5743D514-0FA3-4FB1-9BF5-0F31016E1A11}.ReleaseXBAP|Any CPU.ActiveCfg = Release|Any CPU
		{5743D514-0FA3-4FB1-9BF5-0F31016E1A11}.ReleaseXBAP|Any CPU.Build.0 = Release|Any CPU
		{61E0805B-851C-481C-9726-4F6EA95DCA97}.Debug|Any CPU.ActiveCfg = Debug|Any CPU
		{61E0805B-851C-481C-9726-4F6EA95DCA97}.Debug|Any CPU.Build.0 = Debug|Any CPU
		{61E0805B-851C-481C-9726-4F6EA95DCA97}.Release|Any CPU.ActiveCfg = Release|Any CPU
		{61E0805B-851C-481C-9726-4F6EA95DCA97}.Release|Any CPU.Build.0 = Release|Any CPU
		{61E0805B-851C-481C-9726-4F6EA95DCA97}.ReleaseXBAP|Any CPU.ActiveCfg = Release|Any CPU
		{61E0805B-851C-481C-9726-4F6EA95DCA97}.ReleaseXBAP|Any CPU.Build.0 = Release|Any CPU
		{9367F3B4-838C-4D9F-8574-B20BB30DF087}.Debug|Any CPU.ActiveCfg = Debug|Any CPU
		{9367F3B4-838C-4D9F-8574-B20BB30DF087}.Debug|Any CPU.Build.0 = Debug|Any CPU
		{9367F3B4-838C-4D9F-8574-B20BB30DF087}.Release|Any CPU.ActiveCfg = Release|Any CPU
		{9367F3B4-838C-4D9F-8574-B20BB30DF087}.Release|Any CPU.Build.0 = Release|Any CPU
		{9367F3B4-838C-4D9F-8574-B20BB30DF087}.ReleaseXBAP|Any CPU.ActiveCfg = Release|Any CPU
		{9367F3B4-838C-4D9F-8574-B20BB30DF087}.ReleaseXBAP|Any CPU.Build.0 = Release|Any CPU
		{A19CD422-C015-4C04-8ED9-2AFBC117CE21}.Debug|Any CPU.ActiveCfg = Debug|Any CPU
		{A19CD422-C015-4C04-8ED9-2AFBC117CE21}.Debug|Any CPU.Build.0 = Debug|Any CPU
		{A19CD422-C015-4C04-8ED9-2AFBC117CE21}.Release|Any CPU.ActiveCfg = Release|Any CPU
		{A19CD422-C015-4C04-8ED9-2AFBC117CE21}.Release|Any CPU.Build.0 = Release|Any CPU
		{A19CD422-C015-4C04-8ED9-2AFBC117CE21}.ReleaseXBAP|Any CPU.ActiveCfg = Release|Any CPU
		{A19CD422-C015-4C04-8ED9-2AFBC117CE21}.ReleaseXBAP|Any CPU.Build.0 = Release|Any CPU
		{A6C5D3EA-23A9-422D-A4C9-0BD5DEB59015}.Debug|Any CPU.ActiveCfg = Debug|Any CPU
		{A6C5D3EA-23A9-422D-A4C9-0BD5DEB59015}.Debug|Any CPU.Build.0 = Debug|Any CPU
		{A6C5D3EA-23A9-422D-A4C9-0BD5DEB59015}.Release|Any CPU.ActiveCfg = Release|Any CPU
		{A6C5D3EA-23A9-422D-A4C9-0BD5DEB59015}.Release|Any CPU.Build.0 = Release|Any CPU
		{A6C5D3EA-23A9-422D-A4C9-0BD5DEB59015}.ReleaseXBAP|Any CPU.ActiveCfg = Release|Any CPU
		{A6C5D3EA-23A9-422D-A4C9-0BD5DEB59015}.ReleaseXBAP|Any CPU.Build.0 = Release|Any CPU
		{5385C48B-6114-4B1A-B85A-D996E790B6D8}.Debug|Any CPU.ActiveCfg = Debug|Any CPU
		{5385C48B-6114-4B1A-B85A-D996E790B6D8}.Debug|Any CPU.Build.0 = Debug|Any CPU
		{5385C48B-6114-4B1A-B85A-D996E790B6D8}.Release|Any CPU.ActiveCfg = Release|Any CPU
		{5385C48B-6114-4B1A-B85A-D996E790B6D8}.Release|Any CPU.Build.0 = Release|Any CPU
		{5385C48B-6114-4B1A-B85A-D996E790B6D8}.ReleaseXBAP|Any CPU.ActiveCfg = Release|Any CPU
		{5385C48B-6114-4B1A-B85A-D996E790B6D8}.ReleaseXBAP|Any CPU.Build.0 = Release|Any CPU
		{E47F97BC-41AF-42F3-B69D-52DFE287FF45}.Debug|Any CPU.ActiveCfg = Debug|Any CPU
		{E47F97BC-41AF-42F3-B69D-52DFE287FF45}.Debug|Any CPU.Build.0 = Debug|Any CPU
		{E47F97BC-41AF-42F3-B69D-52DFE287FF45}.Release|Any CPU.ActiveCfg = Release|Any CPU
		{E47F97BC-41AF-42F3-B69D-52DFE287FF45}.Release|Any CPU.Build.0 = Release|Any CPU
		{E47F97BC-41AF-42F3-B69D-52DFE287FF45}.ReleaseXBAP|Any CPU.ActiveCfg = Release|Any CPU
		{E47F97BC-41AF-42F3-B69D-52DFE287FF45}.ReleaseXBAP|Any CPU.Build.0 = Release|Any CPU
		{584B0BFC-4CB3-4DA1-A7E2-3E431EF325CA}.Debug|Any CPU.ActiveCfg = Debug|Any CPU
		{584B0BFC-4CB3-4DA1-A7E2-3E431EF325CA}.Debug|Any CPU.Build.0 = Debug|Any CPU
		{584B0BFC-4CB3-4DA1-A7E2-3E431EF325CA}.Release|Any CPU.ActiveCfg = Release|Any CPU
		{584B0BFC-4CB3-4DA1-A7E2-3E431EF325CA}.Release|Any CPU.Build.0 = Release|Any CPU
		{584B0BFC-4CB3-4DA1-A7E2-3E431EF325CA}.ReleaseXBAP|Any CPU.ActiveCfg = Release|Any CPU
		{584B0BFC-4CB3-4DA1-A7E2-3E431EF325CA}.ReleaseXBAP|Any CPU.Build.0 = Release|Any CPU
		{4666CD52-CA06-4DE0-888E-F4FC25ED4836}.Debug|Any CPU.ActiveCfg = Debug|Any CPU
		{4666CD52-CA06-4DE0-888E-F4FC25ED4836}.Debug|Any CPU.Build.0 = Debug|Any CPU
		{4666CD52-CA06-4DE0-888E-F4FC25ED4836}.Release|Any CPU.ActiveCfg = Release|Any CPU
		{4666CD52-CA06-4DE0-888E-F4FC25ED4836}.Release|Any CPU.Build.0 = Release|Any CPU
		{4666CD52-CA06-4DE0-888E-F4FC25ED4836}.ReleaseXBAP|Any CPU.ActiveCfg = Release|Any CPU
		{4666CD52-CA06-4DE0-888E-F4FC25ED4836}.ReleaseXBAP|Any CPU.Build.0 = Release|Any CPU
		{4BA27862-9FB3-439A-9D07-88910FA547A6}.Debug|Any CPU.ActiveCfg = Debug|Any CPU
		{4BA27862-9FB3-439A-9D07-88910FA547A6}.Debug|Any CPU.Build.0 = Debug|Any CPU
		{4BA27862-9FB3-439A-9D07-88910FA547A6}.Release|Any CPU.ActiveCfg = Release|Any CPU
		{4BA27862-9FB3-439A-9D07-88910FA547A6}.Release|Any CPU.Build.0 = Release|Any CPU
		{4BA27862-9FB3-439A-9D07-88910FA547A6}.ReleaseXBAP|Any CPU.ActiveCfg = Release|Any CPU
		{4BA27862-9FB3-439A-9D07-88910FA547A6}.ReleaseXBAP|Any CPU.Build.0 = Release|Any CPU
		{463E5DE3-AAA9-4702-A96C-BA82885E6A62}.Debug|Any CPU.ActiveCfg = Debug|Any CPU
		{463E5DE3-AAA9-4702-A96C-BA82885E6A62}.Debug|Any CPU.Build.0 = Debug|Any CPU
		{463E5DE3-AAA9-4702-A96C-BA82885E6A62}.Release|Any CPU.ActiveCfg = Release|Any CPU
		{463E5DE3-AAA9-4702-A96C-BA82885E6A62}.Release|Any CPU.Build.0 = Release|Any CPU
		{463E5DE3-AAA9-4702-A96C-BA82885E6A62}.ReleaseXBAP|Any CPU.ActiveCfg = Release|Any CPU
		{463E5DE3-AAA9-4702-A96C-BA82885E6A62}.ReleaseXBAP|Any CPU.Build.0 = Release|Any CPU
		{AE02B2D9-BBAE-49E6-9ECF-3CD4E2466318}.Debug|Any CPU.ActiveCfg = Debug|Any CPU
		{AE02B2D9-BBAE-49E6-9ECF-3CD4E2466318}.Debug|Any CPU.Build.0 = Debug|Any CPU
		{AE02B2D9-BBAE-49E6-9ECF-3CD4E2466318}.Release|Any CPU.ActiveCfg = Release|Any CPU
		{AE02B2D9-BBAE-49E6-9ECF-3CD4E2466318}.Release|Any CPU.Build.0 = Release|Any CPU
		{AE02B2D9-BBAE-49E6-9ECF-3CD4E2466318}.ReleaseXBAP|Any CPU.ActiveCfg = Release|Any CPU
		{AE02B2D9-BBAE-49E6-9ECF-3CD4E2466318}.ReleaseXBAP|Any CPU.Build.0 = Release|Any CPU
		{20DDB0BB-A904-41F1-B02C-731B55B42DB0}.Debug|Any CPU.ActiveCfg = Debug|Any CPU
		{20DDB0BB-A904-41F1-B02C-731B55B42DB0}.Debug|Any CPU.Build.0 = Debug|Any CPU
		{20DDB0BB-A904-41F1-B02C-731B55B42DB0}.Release|Any CPU.ActiveCfg = Release|Any CPU
		{20DDB0BB-A904-41F1-B02C-731B55B42DB0}.Release|Any CPU.Build.0 = Release|Any CPU
		{20DDB0BB-A904-41F1-B02C-731B55B42DB0}.ReleaseXBAP|Any CPU.ActiveCfg = Release|Any CPU
		{20DDB0BB-A904-41F1-B02C-731B55B42DB0}.ReleaseXBAP|Any CPU.Build.0 = Release|Any CPU
		{1BA1C4C2-93BC-4DF3-8611-18496E17F6F7}.Debug|Any CPU.ActiveCfg = Debug|Any CPU
		{1BA1C4C2-93BC-4DF3-8611-18496E17F6F7}.Debug|Any CPU.Build.0 = Debug|Any CPU
		{1BA1C4C2-93BC-4DF3-8611-18496E17F6F7}.Release|Any CPU.ActiveCfg = Release|Any CPU
		{1BA1C4C2-93BC-4DF3-8611-18496E17F6F7}.Release|Any CPU.Build.0 = Release|Any CPU
		{1BA1C4C2-93BC-4DF3-8611-18496E17F6F7}.ReleaseXBAP|Any CPU.ActiveCfg = Release|Any CPU
		{1BA1C4C2-93BC-4DF3-8611-18496E17F6F7}.ReleaseXBAP|Any CPU.Build.0 = Release|Any CPU
		{B877269E-7B9A-40EB-925A-2453A3A457C4}.Debug|Any CPU.ActiveCfg = Debug|Any CPU
		{B877269E-7B9A-40EB-925A-2453A3A457C4}.Debug|Any CPU.Build.0 = Debug|Any CPU
		{B877269E-7B9A-40EB-925A-2453A3A457C4}.Release|Any CPU.ActiveCfg = Release|Any CPU
		{B877269E-7B9A-40EB-925A-2453A3A457C4}.Release|Any CPU.Build.0 = Release|Any CPU
		{B877269E-7B9A-40EB-925A-2453A3A457C4}.ReleaseXBAP|Any CPU.ActiveCfg = Release|Any CPU
		{B877269E-7B9A-40EB-925A-2453A3A457C4}.ReleaseXBAP|Any CPU.Build.0 = Release|Any CPU
		{7926CC1E-D184-4DAB-A5FF-68A7E9B37156}.Debug|Any CPU.ActiveCfg = Debug|Any CPU
		{7926CC1E-D184-4DAB-A5FF-68A7E9B37156}.Debug|Any CPU.Build.0 = Debug|Any CPU
		{7926CC1E-D184-4DAB-A5FF-68A7E9B37156}.Release|Any CPU.ActiveCfg = Release|Any CPU
		{7926CC1E-D184-4DAB-A5FF-68A7E9B37156}.Release|Any CPU.Build.0 = Release|Any CPU
		{7926CC1E-D184-4DAB-A5FF-68A7E9B37156}.ReleaseXBAP|Any CPU.ActiveCfg = Release|Any CPU
		{7926CC1E-D184-4DAB-A5FF-68A7E9B37156}.ReleaseXBAP|Any CPU.Build.0 = Release|Any CPU
		{2B714197-5587-45DA-92A5-F0305A572392}.Debug|Any CPU.ActiveCfg = Debug|Any CPU
		{2B714197-5587-45DA-92A5-F0305A572392}.Debug|Any CPU.Build.0 = Debug|Any CPU
		{2B714197-5587-45DA-92A5-F0305A572392}.Release|Any CPU.ActiveCfg = Release|Any CPU
		{2B714197-5587-45DA-92A5-F0305A572392}.Release|Any CPU.Build.0 = Release|Any CPU
		{2B714197-5587-45DA-92A5-F0305A572392}.ReleaseXBAP|Any CPU.ActiveCfg = Release|Any CPU
		{2B714197-5587-45DA-92A5-F0305A572392}.ReleaseXBAP|Any CPU.Build.0 = Release|Any CPU
		{9C9118DB-BA48-4C7F-B175-6E37F50976E6}.Debug|Any CPU.ActiveCfg = Debug|Any CPU
		{9C9118DB-BA48-4C7F-B175-6E37F50976E6}.Debug|Any CPU.Build.0 = Debug|Any CPU
		{9C9118DB-BA48-4C7F-B175-6E37F50976E6}.Release|Any CPU.ActiveCfg = Release|Any CPU
		{9C9118DB-BA48-4C7F-B175-6E37F50976E6}.Release|Any CPU.Build.0 = Release|Any CPU
		{9C9118DB-BA48-4C7F-B175-6E37F50976E6}.ReleaseXBAP|Any CPU.ActiveCfg = Release|Any CPU
		{9C9118DB-BA48-4C7F-B175-6E37F50976E6}.ReleaseXBAP|Any CPU.Build.0 = Release|Any CPU
		{8F0DB932-7642-481F-A469-5E9DB5334C05}.Debug|Any CPU.ActiveCfg = Debug|Any CPU
		{8F0DB932-7642-481F-A469-5E9DB5334C05}.Debug|Any CPU.Build.0 = Debug|Any CPU
		{8F0DB932-7642-481F-A469-5E9DB5334C05}.Release|Any CPU.ActiveCfg = Release|Any CPU
		{8F0DB932-7642-481F-A469-5E9DB5334C05}.Release|Any CPU.Build.0 = Release|Any CPU
		{8F0DB932-7642-481F-A469-5E9DB5334C05}.ReleaseXBAP|Any CPU.ActiveCfg = Release|Any CPU
		{8F0DB932-7642-481F-A469-5E9DB5334C05}.ReleaseXBAP|Any CPU.Build.0 = Release|Any CPU
		{B627F49C-59AE-47EC-AE22-C91CADA74425}.Debug|Any CPU.ActiveCfg = Debug|Any CPU
		{B627F49C-59AE-47EC-AE22-C91CADA74425}.Debug|Any CPU.Build.0 = Debug|Any CPU
		{B627F49C-59AE-47EC-AE22-C91CADA74425}.Release|Any CPU.ActiveCfg = Release|Any CPU
		{B627F49C-59AE-47EC-AE22-C91CADA74425}.Release|Any CPU.Build.0 = Release|Any CPU
		{B627F49C-59AE-47EC-AE22-C91CADA74425}.ReleaseXBAP|Any CPU.ActiveCfg = Release|Any CPU
		{B627F49C-59AE-47EC-AE22-C91CADA74425}.ReleaseXBAP|Any CPU.Build.0 = Release|Any CPU
		{DB3EFD9C-D4FF-4DE1-89C7-87B3E44781CD}.Debug|Any CPU.ActiveCfg = Debug|Any CPU
		{DB3EFD9C-D4FF-4DE1-89C7-87B3E44781CD}.Debug|Any CPU.Build.0 = Debug|Any CPU
		{DB3EFD9C-D4FF-4DE1-89C7-87B3E44781CD}.Release|Any CPU.ActiveCfg = Release|Any CPU
		{DB3EFD9C-D4FF-4DE1-89C7-87B3E44781CD}.Release|Any CPU.Build.0 = Release|Any CPU
		{DB3EFD9C-D4FF-4DE1-89C7-87B3E44781CD}.ReleaseXBAP|Any CPU.ActiveCfg = Release|Any CPU
		{DB3EFD9C-D4FF-4DE1-89C7-87B3E44781CD}.ReleaseXBAP|Any CPU.Build.0 = Release|Any CPU
		{61B87C21-0DD4-49D3-AF58-254318BBBB10}.Debug|Any CPU.ActiveCfg = Debug|Any CPU
		{61B87C21-0DD4-49D3-AF58-254318BBBB10}.Debug|Any CPU.Build.0 = Debug|Any CPU
		{61B87C21-0DD4-49D3-AF58-254318BBBB10}.Release|Any CPU.ActiveCfg = Release|Any CPU
		{61B87C21-0DD4-49D3-AF58-254318BBBB10}.Release|Any CPU.Build.0 = Release|Any CPU
		{61B87C21-0DD4-49D3-AF58-254318BBBB10}.ReleaseXBAP|Any CPU.ActiveCfg = Release|Any CPU
		{61B87C21-0DD4-49D3-AF58-254318BBBB10}.ReleaseXBAP|Any CPU.Build.0 = Release|Any CPU
		{8A91B296-1CE9-43AD-8D09-E9EC9F1700CC}.Debug|Any CPU.ActiveCfg = Debug|Any CPU
		{8A91B296-1CE9-43AD-8D09-E9EC9F1700CC}.Debug|Any CPU.Build.0 = Debug|Any CPU
		{8A91B296-1CE9-43AD-8D09-E9EC9F1700CC}.Release|Any CPU.ActiveCfg = Release|Any CPU
		{8A91B296-1CE9-43AD-8D09-E9EC9F1700CC}.Release|Any CPU.Build.0 = Release|Any CPU
		{8A91B296-1CE9-43AD-8D09-E9EC9F1700CC}.ReleaseXBAP|Any CPU.ActiveCfg = Release|Any CPU
		{8A91B296-1CE9-43AD-8D09-E9EC9F1700CC}.ReleaseXBAP|Any CPU.Build.0 = Release|Any CPU
		{660BEE02-7544-473A-A52A-4908326DDD73}.Debug|Any CPU.ActiveCfg = Debug|Any CPU
		{660BEE02-7544-473A-A52A-4908326DDD73}.Debug|Any CPU.Build.0 = Debug|Any CPU
		{660BEE02-7544-473A-A52A-4908326DDD73}.Release|Any CPU.ActiveCfg = Release|Any CPU
		{660BEE02-7544-473A-A52A-4908326DDD73}.Release|Any CPU.Build.0 = Release|Any CPU
		{660BEE02-7544-473A-A52A-4908326DDD73}.ReleaseXBAP|Any CPU.ActiveCfg = Release|Any CPU
		{660BEE02-7544-473A-A52A-4908326DDD73}.ReleaseXBAP|Any CPU.Build.0 = Release|Any CPU
		{27B60835-34E6-47EA-9035-CD4C1527A56C}.Debug|Any CPU.ActiveCfg = Debug|Any CPU
		{27B60835-34E6-47EA-9035-CD4C1527A56C}.Debug|Any CPU.Build.0 = Debug|Any CPU
		{27B60835-34E6-47EA-9035-CD4C1527A56C}.Release|Any CPU.ActiveCfg = Release|Any CPU
		{27B60835-34E6-47EA-9035-CD4C1527A56C}.Release|Any CPU.Build.0 = Release|Any CPU
		{27B60835-34E6-47EA-9035-CD4C1527A56C}.ReleaseXBAP|Any CPU.ActiveCfg = Release|Any CPU
		{27B60835-34E6-47EA-9035-CD4C1527A56C}.ReleaseXBAP|Any CPU.Build.0 = Release|Any CPU
		{2AD748C3-C3B8-42D0-86FC-AC3928F3A2EA}.Debug|Any CPU.ActiveCfg = Debug|Any CPU
		{2AD748C3-C3B8-42D0-86FC-AC3928F3A2EA}.Debug|Any CPU.Build.0 = Debug|Any CPU
		{2AD748C3-C3B8-42D0-86FC-AC3928F3A2EA}.Release|Any CPU.ActiveCfg = Release|Any CPU
		{2AD748C3-C3B8-42D0-86FC-AC3928F3A2EA}.Release|Any CPU.Build.0 = Release|Any CPU
		{2AD748C3-C3B8-42D0-86FC-AC3928F3A2EA}.ReleaseXBAP|Any CPU.ActiveCfg = Release|Any CPU
		{2AD748C3-C3B8-42D0-86FC-AC3928F3A2EA}.ReleaseXBAP|Any CPU.Build.0 = Release|Any CPU
		{C1B6CBE3-944C-4C32-86FE-3F4BCBD60B9C}.Debug|Any CPU.ActiveCfg = Debug|Any CPU
		{C1B6CBE3-944C-4C32-86FE-3F4BCBD60B9C}.Debug|Any CPU.Build.0 = Debug|Any CPU
		{C1B6CBE3-944C-4C32-86FE-3F4BCBD60B9C}.Release|Any CPU.ActiveCfg = Release|Any CPU
		{C1B6CBE3-944C-4C32-86FE-3F4BCBD60B9C}.Release|Any CPU.Build.0 = Release|Any CPU
		{C1B6CBE3-944C-4C32-86FE-3F4BCBD60B9C}.ReleaseXBAP|Any CPU.ActiveCfg = Release|Any CPU
		{C1B6CBE3-944C-4C32-86FE-3F4BCBD60B9C}.ReleaseXBAP|Any CPU.Build.0 = Release|Any CPU
	EndGlobalSection
	GlobalSection(SolutionProperties) = preSolution
		HideSolutionNode = FALSE
	EndGlobalSection
	GlobalSection(NestedProjects) = preSolution
		{848DA995-7EC6-4D8C-BF79-18B1C0E9317A} = {C84CD256-3F46-47EB-A5E0-7482062E3705}
		{9ABDCCB2-0731-4C40-AEBD-4C44FE4B383E} = {C84CD256-3F46-47EB-A5E0-7482062E3705}
		{254ADAF9-FCAD-4C04-B73A-62E9F31BF2FE} = {C84CD256-3F46-47EB-A5E0-7482062E3705}
		{9268660F-1C59-4439-AA2D-2515F5DCCFA7} = {C84CD256-3F46-47EB-A5E0-7482062E3705}
		{321A9F76-A90B-4B3D-8428-4493C001DE7D} = {C84CD256-3F46-47EB-A5E0-7482062E3705}
		{B10F4105-353D-400D-BBBE-2BA6E950E9ED} = {C84CD256-3F46-47EB-A5E0-7482062E3705}
		{9F483575-AFD9-4117-97C8-EC0D0D985515} = {C84CD256-3F46-47EB-A5E0-7482062E3705}
		{C4B442E3-5177-4E8C-8773-6EF1E6CB4040} = {C84CD256-3F46-47EB-A5E0-7482062E3705}
		{3768F4BF-70BC-4546-977D-AE9C2836AC5C} = {C84CD256-3F46-47EB-A5E0-7482062E3705}
		{5AE6226E-6E30-45D2-B725-2A9532E6F2B1} = {C84CD256-3F46-47EB-A5E0-7482062E3705}
		{F9DDE729-A287-4839-85C1-C91BC7F0DC10} = {C84CD256-3F46-47EB-A5E0-7482062E3705}
		{9AAA22ED-F264-4DCB-9BD0-01EBCF893134} = {C84CD256-3F46-47EB-A5E0-7482062E3705}
		{2FF5D25E-F937-49E6-A277-E89E3273FCCC} = {C84CD256-3F46-47EB-A5E0-7482062E3705}
		{84FDB3DD-D5D0-4549-8800-32A7E6ECE297} = {C84CD256-3F46-47EB-A5E0-7482062E3705}
		{E7EB13C3-0461-46FF-8662-3E7FD87A45FF} = {C84CD256-3F46-47EB-A5E0-7482062E3705}
		{183FF18A-A7AA-4EEC-AE5D-DB40C995B679} = {8D3DEF67-7982-4046-B3E1-DC888CC74FCF}
		{882154F7-123D-4298-8674-C8765B54CD6F} = {C84CD256-3F46-47EB-A5E0-7482062E3705}
		{CFF04BCE-6478-4D45-B18C-92CACDFEF67A} = {C84CD256-3F46-47EB-A5E0-7482062E3705}
		{6ECB8214-4FC4-42D0-8BF4-287A6281A265} = {C84CD256-3F46-47EB-A5E0-7482062E3705}
		{C16F049B-A571-4A97-B882-97419ADCDFB4} = {8D3DEF67-7982-4046-B3E1-DC888CC74FCF}
		{70371850-BDF7-46EE-9E3A-8B511F2ED3B9} = {8D3DEF67-7982-4046-B3E1-DC888CC74FCF}
		{24C900A5-A6B9-437B-A72A-A746D2109FE3} = {C84CD256-3F46-47EB-A5E0-7482062E3705}
		{086E1633-6A1F-434B-AD39-59FEC1B7D0C7} = {C84CD256-3F46-47EB-A5E0-7482062E3705}
		{E66CC07D-6431-4F19-8CB5-3390A08704A6} = {C84CD256-3F46-47EB-A5E0-7482062E3705}
		{ED3C6998-3B7B-4F06-BC0F-F7922C31FFFB} = {8D3DEF67-7982-4046-B3E1-DC888CC74FCF}
		{8EF8DC5A-6797-4E99-AE54-A59AEFEE6DF1} = {8D3DEF67-7982-4046-B3E1-DC888CC74FCF}
		{E2B19052-C76D-4B0A-B161-6602D714C7BC} = {8D3DEF67-7982-4046-B3E1-DC888CC74FCF}
		{F456F8F6-82C9-40DC-A235-26AFB3DA3E71} = {C84CD256-3F46-47EB-A5E0-7482062E3705}
		{7C541937-2B1B-47E9-A397-65489B9E670C} = {8D3DEF67-7982-4046-B3E1-DC888CC74FCF}
		{2E4D5900-49A7-4809-B410-968EADD89FB7} = {8D3DEF67-7982-4046-B3E1-DC888CC74FCF}
		{F1821C06-EB64-4B85-BB27-793CC7ED3527} = {8D3DEF67-7982-4046-B3E1-DC888CC74FCF}
		{2926E63D-EF84-424C-B800-E2D130D5E2F0} = {8D3DEF67-7982-4046-B3E1-DC888CC74FCF}
		{E61EA72C-C18C-4EAF-9CB5-BEA1752E4EB0} = {8D3DEF67-7982-4046-B3E1-DC888CC74FCF}
		{C7029588-EB97-432D-BEA9-96C41975DB04} = {8D3DEF67-7982-4046-B3E1-DC888CC74FCF}
		{5A8DD8CA-1E0A-4056-8290-F25F0CC7F3FC} = {8D3DEF67-7982-4046-B3E1-DC888CC74FCF}
		{84530704-D329-4C75-B6A7-794B0DC3BD64} = {C84CD256-3F46-47EB-A5E0-7482062E3705}
		{797A986A-9E10-4C84-B956-71FE44BE6E5B} = {8D3DEF67-7982-4046-B3E1-DC888CC74FCF}
		{2F372E03-81E2-4A1C-B713-4414C208428C} = {8D3DEF67-7982-4046-B3E1-DC888CC74FCF}
		{C44EDB8F-7A06-4D2A-90FC-D8C2B5D36387} = {8D3DEF67-7982-4046-B3E1-DC888CC74FCF}
		{125F8E44-071A-494D-97B4-4E6E9603171B} = {8D3DEF67-7982-4046-B3E1-DC888CC74FCF}
		{48E505BB-F018-4D44-8AA8-8A7DD6BBC543} = {C84CD256-3F46-47EB-A5E0-7482062E3705}
		{303B79DE-E734-4BBB-B002-75E349A81DC6} = {8D3DEF67-7982-4046-B3E1-DC888CC74FCF}
		{FBB09044-FEAC-4D57-AF3A-3A8F0C649691} = {C84CD256-3F46-47EB-A5E0-7482062E3705}
		{2BF6F548-20BF-42C0-A526-6737730D848E} = {C84CD256-3F46-47EB-A5E0-7482062E3705}
		{2C07486A-D705-48C6-AEBD-928DA28AB84B} = {980BE407-AFDF-4632-8883-E622075B4B78}
		{E8C46F6B-A22D-4FFB-80C4-75EF0FFD72F3} = {C84CD256-3F46-47EB-A5E0-7482062E3705}
		{8239C700-33E9-4844-AB52-4AD4D0ED118E} = {C84CD256-3F46-47EB-A5E0-7482062E3705}
		{E6B4E63E-276E-4D9B-8F51-4ED7256B9225} = {8D3DEF67-7982-4046-B3E1-DC888CC74FCF}
		{2AFC75B5-9457-45A4-BCC8-9B920083341F} = {8D3DEF67-7982-4046-B3E1-DC888CC74FCF}
		{D2BED244-4BEC-4509-8AF8-9AD28FD46E6C} = {8D3DEF67-7982-4046-B3E1-DC888CC74FCF}
		{C921DAE1-BE88-42BB-BDEB-1D8B24ADE885} = {C84CD256-3F46-47EB-A5E0-7482062E3705}
		{034D71DF-240C-4212-ABD0-6954F66BC230} = {C84CD256-3F46-47EB-A5E0-7482062E3705}
		{652E432A-E6F0-4026-81F2-CDCA1E70B360} = {C84CD256-3F46-47EB-A5E0-7482062E3705}
		{51311F74-9256-43B7-A0DE-B7A1B03F3863} = {C84CD256-3F46-47EB-A5E0-7482062E3705}
		{760DE53F-BB27-4267-BB94-7354CC71FBE2} = {C84CD256-3F46-47EB-A5E0-7482062E3705}
		{47A97DD3-80C2-43DE-88B0-DDEC02CEF5C7} = {C84CD256-3F46-47EB-A5E0-7482062E3705}
		{375348F0-4D73-4F8C-B277-5BBDE1530C12} = {C84CD256-3F46-47EB-A5E0-7482062E3705}
		{70AAFE0D-15A7-4E86-80DF-8B014FA7A763} = {C84CD256-3F46-47EB-A5E0-7482062E3705}
		{E189EAA3-B4AC-431D-AEBF-60CFACC8B3CC} = {C84CD256-3F46-47EB-A5E0-7482062E3705}
		{7EA3964D-034B-4494-97D9-B5471C1DECFC} = {918286E0-F70C-484B-B91B-F2337166712D}
		{66A29314-25EA-4CBB-84B7-75906BFA59E2} = {918286E0-F70C-484B-B91B-F2337166712D}
		{AF6A92D9-FE21-4C8D-AF98-5A707E6E8E33} = {8D3DEF67-7982-4046-B3E1-DC888CC74FCF}
		{E4445CE2-DB82-4FF0-A8B1-0BB3855A8399} = {8D3DEF67-7982-4046-B3E1-DC888CC74FCF}
		{7ABA8BCD-8AD2-4229-8F9B-439B010837C8} = {8D3DEF67-7982-4046-B3E1-DC888CC74FCF}
		{8823564A-4EAC-41F3-B22B-A47BFEF05187} = {918286E0-F70C-484B-B91B-F2337166712D}
		{D73BC3A5-3013-4C6E-AF80-F6282262C17E} = {8D3DEF67-7982-4046-B3E1-DC888CC74FCF}
		{5743D514-0FA3-4FB1-9BF5-0F31016E1A11} = {8D3DEF67-7982-4046-B3E1-DC888CC74FCF}
		{61E0805B-851C-481C-9726-4F6EA95DCA97} = {8D3DEF67-7982-4046-B3E1-DC888CC74FCF}
		{9367F3B4-838C-4D9F-8574-B20BB30DF087} = {918286E0-F70C-484B-B91B-F2337166712D}
		{A19CD422-C015-4C04-8ED9-2AFBC117CE21} = {918286E0-F70C-484B-B91B-F2337166712D}
		{A6C5D3EA-23A9-422D-A4C9-0BD5DEB59015} = {C84CD256-3F46-47EB-A5E0-7482062E3705}
		{5385C48B-6114-4B1A-B85A-D996E790B6D8} = {8D3DEF67-7982-4046-B3E1-DC888CC74FCF}
		{E47F97BC-41AF-42F3-B69D-52DFE287FF45} = {8D3DEF67-7982-4046-B3E1-DC888CC74FCF}
		{584B0BFC-4CB3-4DA1-A7E2-3E431EF325CA} = {8D3DEF67-7982-4046-B3E1-DC888CC74FCF}
		{4666CD52-CA06-4DE0-888E-F4FC25ED4836} = {C84CD256-3F46-47EB-A5E0-7482062E3705}
		{4BA27862-9FB3-439A-9D07-88910FA547A6} = {C84CD256-3F46-47EB-A5E0-7482062E3705}
		{463E5DE3-AAA9-4702-A96C-BA82885E6A62} = {8D3DEF67-7982-4046-B3E1-DC888CC74FCF}
		{20DDB0BB-A904-41F1-B02C-731B55B42DB0} = {C84CD256-3F46-47EB-A5E0-7482062E3705}
		{1BA1C4C2-93BC-4DF3-8611-18496E17F6F7} = {8D3DEF67-7982-4046-B3E1-DC888CC74FCF}
		{B877269E-7B9A-40EB-925A-2453A3A457C4} = {C84CD256-3F46-47EB-A5E0-7482062E3705}
		{7926CC1E-D184-4DAB-A5FF-68A7E9B37156} = {C84CD256-3F46-47EB-A5E0-7482062E3705}
		{2B714197-5587-45DA-92A5-F0305A572392} = {918286E0-F70C-484B-B91B-F2337166712D}
		{9C9118DB-BA48-4C7F-B175-6E37F50976E6} = {918286E0-F70C-484B-B91B-F2337166712D}
		{8F0DB932-7642-481F-A469-5E9DB5334C05} = {918286E0-F70C-484B-B91B-F2337166712D}
		{B627F49C-59AE-47EC-AE22-C91CADA74425} = {918286E0-F70C-484B-B91B-F2337166712D}
		{DB3EFD9C-D4FF-4DE1-89C7-87B3E44781CD} = {918286E0-F70C-484B-B91B-F2337166712D}
		{61B87C21-0DD4-49D3-AF58-254318BBBB10} = {918286E0-F70C-484B-B91B-F2337166712D}
		{8A91B296-1CE9-43AD-8D09-E9EC9F1700CC} = {918286E0-F70C-484B-B91B-F2337166712D}
		{660BEE02-7544-473A-A52A-4908326DDD73} = {918286E0-F70C-484B-B91B-F2337166712D}
		{27B60835-34E6-47EA-9035-CD4C1527A56C} = {C84CD256-3F46-47EB-A5E0-7482062E3705}
		{2AD748C3-C3B8-42D0-86FC-AC3928F3A2EA} = {C84CD256-3F46-47EB-A5E0-7482062E3705}
		{C1B6CBE3-944C-4C32-86FE-3F4BCBD60B9C} = {8D3DEF67-7982-4046-B3E1-DC888CC74FCF}
	EndGlobalSection
	GlobalSection(ExtensibilityGlobals) = postSolution
		SolutionGuid = {6988F045-251D-41B9-8837-5B803A14ADDE}
	EndGlobalSection
EndGlobal
